PODS:
  - Alamofire (3.4.1)
  - JSONHelper (2.1.0)
  - Realm (1.0.2):
    - Realm/Headers (= 1.0.2)
  - Realm/Headers (1.0.2)
  - SDWebImage (3.8.1):
    - SDWebImage/Core (= 3.8.1)
  - SDWebImage/Core (3.8.1)
  - SVProgressHUD (2.0.3)

DEPENDENCIES:
  - Alamofire
  - JSONHelper
  - Realm
  - SDWebImage
  - SVProgressHUD

SPEC CHECKSUMS:
  Alamofire: 01a82e2f6c0f860ade35534c8dd88be61bdef40c
  JSONHelper: 684a9ffd73578f370c0a02197319a97e37120124
  Realm: 9d5c46a4d7d27958530a8dfc58f63a99e5c2cba3
  SDWebImage: 35f9627a3e44b4f292a8a8ce6a531fa488239b91
  SVProgressHUD: b0830714205bea1317ea1a2ebc71e5633af334d4

PODFILE CHECKSUM: 24a4ce2767f87971a0b2ff845a56bb5e2006de19

COCOAPODS: 1.0.1
