<?xml version="1.0" encoding="UTF-8"?>
<!DOCTYPE plist PUBLIC "-//Apple//DTD PLIST 1.0//EN" "http://www.apple.com/DTDs/PropertyList-1.0.dtd">
<plist version="1.0">
<dict>
	<key>archiveVersion</key>
	<string>1</string>
	<key>classes</key>
	<dict/>
	<key>objectVersion</key>
	<string>46</string>
	<key>objects</key>
	<dict>
		<key>07E3A70EB050C95039C91872</key>
		<dict>
			<key>buildActionMask</key>
			<string>2147483647</string>
			<key>files</key>
			<array/>
			<key>inputPaths</key>
			<array/>
			<key>isa</key>
			<string>PBXShellScriptBuildPhase</string>
			<key>name</key>
			<string>[CP] Check Pods Manifest.lock</string>
			<key>outputPaths</key>
			<array/>
			<key>runOnlyForDeploymentPostprocessing</key>
			<string>0</string>
			<key>shellPath</key>
			<string>/bin/sh</string>
			<key>shellScript</key>
			<string>diff "${PODS_ROOT}/../Podfile.lock" "${PODS_ROOT}/Manifest.lock" &gt; /dev/null
if [[ $? != 0 ]] ; then
    cat &lt;&lt; EOM
error: The sandbox is not in sync with the Podfile.lock. Run 'pod install' or update your CocoaPods installation.
EOM
    exit 1
fi
</string>
			<key>showEnvVarsInLog</key>
			<string>0</string>
		</dict>
		<key>093AE4B8C2EFF7F887A52701</key>
		<dict>
			<key>buildActionMask</key>
			<string>2147483647</string>
			<key>files</key>
			<array/>
			<key>inputPaths</key>
			<array/>
			<key>isa</key>
			<string>PBXShellScriptBuildPhase</string>
			<key>name</key>
			<string>[CP] Embed Pods Frameworks</string>
			<key>outputPaths</key>
			<array/>
			<key>runOnlyForDeploymentPostprocessing</key>
			<string>0</string>
			<key>shellPath</key>
			<string>/bin/sh</string>
			<key>shellScript</key>
			<string>"${SRCROOT}/Pods/Target Support Files/Pods-NeonTransferTests/Pods-NeonTransferTests-frameworks.sh"
</string>
			<key>showEnvVarsInLog</key>
			<string>0</string>
		</dict>
		<key>13412F9AFC670CDC2AF001D3</key>
		<dict>
			<key>buildActionMask</key>
			<string>2147483647</string>
			<key>files</key>
			<array/>
			<key>inputPaths</key>
			<array/>
			<key>isa</key>
			<string>PBXShellScriptBuildPhase</string>
			<key>name</key>
			<string>[CP] Copy Pods Resources</string>
			<key>outputPaths</key>
			<array/>
			<key>runOnlyForDeploymentPostprocessing</key>
			<string>0</string>
			<key>shellPath</key>
			<string>/bin/sh</string>
			<key>shellScript</key>
			<string>"${SRCROOT}/Pods/Target Support Files/Pods-NeonTransfer/Pods-NeonTransfer-resources.sh"
</string>
			<key>showEnvVarsInLog</key>
			<string>0</string>
		</dict>
		<key>15F59224C80BA94FB8DBEBA0</key>
		<dict>
			<key>includeInIndex</key>
			<string>1</string>
			<key>isa</key>
			<string>PBXFileReference</string>
			<key>lastKnownFileType</key>
			<string>text.xcconfig</string>
			<key>name</key>
			<string>Pods-NeonTransferUITests.release.xcconfig</string>
			<key>path</key>
			<string>Pods/Target Support Files/Pods-NeonTransferUITests/Pods-NeonTransferUITests.release.xcconfig</string>
			<key>sourceTree</key>
			<string>&lt;group&gt;</string>
		</dict>
		<key>1F4A79C90F1FDE61213E8E5B</key>
		<dict>
			<key>includeInIndex</key>
			<string>1</string>
			<key>isa</key>
			<string>PBXFileReference</string>
			<key>lastKnownFileType</key>
			<string>text.xcconfig</string>
			<key>name</key>
			<string>Pods-NeonTransferTests.release.xcconfig</string>
			<key>path</key>
			<string>Pods/Target Support Files/Pods-NeonTransferTests/Pods-NeonTransferTests.release.xcconfig</string>
			<key>sourceTree</key>
			<string>&lt;group&gt;</string>
		</dict>
		<key>3F190DA2FE88624E50632A65</key>
		<dict>
			<key>includeInIndex</key>
			<string>1</string>
			<key>isa</key>
			<string>PBXFileReference</string>
			<key>lastKnownFileType</key>
			<string>text.xcconfig</string>
			<key>name</key>
			<string>Pods-NeonTransfer.release.xcconfig</string>
			<key>path</key>
			<string>Pods/Target Support Files/Pods-NeonTransfer/Pods-NeonTransfer.release.xcconfig</string>
			<key>sourceTree</key>
			<string>&lt;group&gt;</string>
		</dict>
		<key>43F4EB170167375B83AB3821</key>
		<dict>
			<key>explicitFileType</key>
			<string>wrapper.framework</string>
			<key>includeInIndex</key>
			<string>0</string>
			<key>isa</key>
			<string>PBXFileReference</string>
			<key>path</key>
			<string>Pods_NeonTransferUITests.framework</string>
			<key>sourceTree</key>
			<string>BUILT_PRODUCTS_DIR</string>
		</dict>
		<key>478E125D856487DFCBA568F6</key>
		<dict>
			<key>explicitFileType</key>
			<string>wrapper.framework</string>
			<key>includeInIndex</key>
			<string>0</string>
			<key>isa</key>
			<string>PBXFileReference</string>
			<key>path</key>
			<string>Pods_NeonTransferTests.framework</string>
			<key>sourceTree</key>
			<string>BUILT_PRODUCTS_DIR</string>
		</dict>
		<key>5989C02506C2EC0EF4CCAA0E</key>
		<dict>
			<key>fileRef</key>
			<string>478E125D856487DFCBA568F6</string>
			<key>isa</key>
			<string>PBXBuildFile</string>
		</dict>
		<key>5D5B31E571A6D00D78835B4B</key>
		<dict>
			<key>children</key>
			<array>
				<string>C11235E9A9965CC5D06B4D05</string>
				<string>478E125D856487DFCBA568F6</string>
				<string>43F4EB170167375B83AB3821</string>
			</array>
			<key>isa</key>
			<string>PBXGroup</string>
			<key>name</key>
			<string>Frameworks</string>
			<key>sourceTree</key>
			<string>&lt;group&gt;</string>
		</dict>
		<key>795662839BA5832A53680670</key>
		<dict>
			<key>buildActionMask</key>
			<string>2147483647</string>
			<key>files</key>
			<array/>
			<key>inputPaths</key>
			<array/>
			<key>isa</key>
			<string>PBXShellScriptBuildPhase</string>
			<key>name</key>
			<string>Embed Pods Frameworks</string>
			<key>outputPaths</key>
			<array/>
			<key>runOnlyForDeploymentPostprocessing</key>
			<string>0</string>
			<key>shellPath</key>
			<string>/bin/sh</string>
			<key>shellScript</key>
			<string>"${SRCROOT}/Pods/Target Support Files/Pods-NeonTransfer/Pods-NeonTransfer-frameworks.sh"
</string>
			<key>showEnvVarsInLog</key>
			<string>0</string>
		</dict>
		<key>7BB617755A702CEBC6A0DEED</key>
		<dict>
			<key>buildActionMask</key>
			<string>2147483647</string>
			<key>files</key>
			<array/>
			<key>inputPaths</key>
			<array/>
			<key>isa</key>
			<string>PBXShellScriptBuildPhase</string>
			<key>name</key>
			<string>[CP] Check Pods Manifest.lock</string>
			<key>outputPaths</key>
			<array/>
			<key>runOnlyForDeploymentPostprocessing</key>
			<string>0</string>
			<key>shellPath</key>
			<string>/bin/sh</string>
			<key>shellScript</key>
			<string>diff "${PODS_ROOT}/../Podfile.lock" "${PODS_ROOT}/Manifest.lock" &gt; /dev/null
if [[ $? != 0 ]] ; then
    cat &lt;&lt; EOM
error: The sandbox is not in sync with the Podfile.lock. Run 'pod install' or update your CocoaPods installation.
EOM
    exit 1
fi
</string>
			<key>showEnvVarsInLog</key>
			<string>0</string>
		</dict>
		<key>82EAF6668D31C610AD26B801</key>
		<dict>
			<key>includeInIndex</key>
			<string>1</string>
			<key>isa</key>
			<string>PBXFileReference</string>
			<key>lastKnownFileType</key>
			<string>text.xcconfig</string>
			<key>name</key>
			<string>Pods-NeonTransfer.debug.xcconfig</string>
			<key>path</key>
			<string>Pods/Target Support Files/Pods-NeonTransfer/Pods-NeonTransfer.debug.xcconfig</string>
			<key>sourceTree</key>
			<string>&lt;group&gt;</string>
		</dict>
		<key>849725BF1D6510420060A7A1</key>
		<dict>
			<key>fileEncoding</key>
			<string>4</string>
			<key>isa</key>
			<string>PBXFileReference</string>
			<key>lastKnownFileType</key>
			<string>sourcecode.swift</string>
			<key>path</key>
			<string>Request.swift</string>
			<key>sourceTree</key>
			<string>&lt;group&gt;</string>
		</dict>
		<key>849725C01D6510420060A7A1</key>
		<dict>
			<key>fileRef</key>
			<string>849725BF1D6510420060A7A1</string>
			<key>isa</key>
			<string>PBXBuildFile</string>
		</dict>
		<key>849725C11D6516E40060A7A1</key>
		<dict>
			<key>children</key>
			<array>
				<string>849725C21D6516E40060A7A1</string>
				<string>849725C41D6516E40060A7A1</string>
			</array>
			<key>isa</key>
			<string>PBXGroup</string>
			<key>path</key>
			<string>Model</string>
			<key>sourceTree</key>
			<string>&lt;group&gt;</string>
		</dict>
		<key>849725C21D6516E40060A7A1</key>
		<dict>
			<key>children</key>
			<array>
				<string>849725C31D6516E40060A7A1</string>
			</array>
			<key>isa</key>
			<string>PBXGroup</string>
			<key>path</key>
			<string>ContactModel</string>
			<key>sourceTree</key>
			<string>&lt;group&gt;</string>
		</dict>
		<key>849725C31D6516E40060A7A1</key>
		<dict>
			<key>fileEncoding</key>
			<string>4</string>
			<key>isa</key>
			<string>PBXFileReference</string>
			<key>lastKnownFileType</key>
			<string>sourcecode.swift</string>
			<key>path</key>
			<string>Contact.swift</string>
			<key>sourceTree</key>
			<string>&lt;group&gt;</string>
		</dict>
		<key>849725C41D6516E40060A7A1</key>
		<dict>
			<key>children</key>
			<array>
				<string>849725C51D6516E40060A7A1</string>
			</array>
			<key>isa</key>
			<string>PBXGroup</string>
			<key>path</key>
			<string>TransfersModel</string>
			<key>sourceTree</key>
			<string>&lt;group&gt;</string>
		</dict>
		<key>849725C51D6516E40060A7A1</key>
		<dict>
			<key>fileEncoding</key>
			<string>4</string>
			<key>isa</key>
			<string>PBXFileReference</string>
			<key>lastKnownFileType</key>
			<string>sourcecode.swift</string>
			<key>path</key>
			<string>TransfersModel.swift</string>
			<key>sourceTree</key>
			<string>&lt;group&gt;</string>
		</dict>
		<key>849725C61D6516E40060A7A1</key>
		<dict>
			<key>fileRef</key>
			<string>849725C31D6516E40060A7A1</string>
			<key>isa</key>
			<string>PBXBuildFile</string>
		</dict>
		<key>849725C71D6516E40060A7A1</key>
		<dict>
			<key>fileRef</key>
			<string>849725C51D6516E40060A7A1</string>
			<key>isa</key>
			<string>PBXBuildFile</string>
		</dict>
		<key>849725C81D651A5E0060A7A1</key>
		<dict>
			<key>children</key>
			<array>
				<string>849725C91D651A5E0060A7A1</string>
			</array>
			<key>isa</key>
			<string>PBXGroup</string>
			<key>path</key>
			<string>ContactTest</string>
			<key>sourceTree</key>
			<string>&lt;group&gt;</string>
		</dict>
		<key>849725C91D651A5E0060A7A1</key>
		<dict>
			<key>fileEncoding</key>
			<string>4</string>
			<key>isa</key>
			<string>PBXFileReference</string>
			<key>lastKnownFileType</key>
			<string>sourcecode.swift</string>
			<key>path</key>
			<string>ContactTest.swift</string>
			<key>sourceTree</key>
			<string>&lt;group&gt;</string>
		</dict>
		<key>849725CA1D651A5E0060A7A1</key>
		<dict>
			<key>children</key>
			<array>
				<string>849725CB1D651A5E0060A7A1</string>
			</array>
			<key>isa</key>
			<string>PBXGroup</string>
			<key>path</key>
			<string>TransferTest</string>
			<key>sourceTree</key>
			<string>&lt;group&gt;</string>
		</dict>
		<key>849725CB1D651A5E0060A7A1</key>
		<dict>
			<key>fileEncoding</key>
			<string>4</string>
			<key>isa</key>
			<string>PBXFileReference</string>
			<key>lastKnownFileType</key>
			<string>sourcecode.swift</string>
			<key>path</key>
			<string>TransferTest.swift</string>
			<key>sourceTree</key>
			<string>&lt;group&gt;</string>
		</dict>
		<key>849725CC1D651A5E0060A7A1</key>
		<dict>
			<key>fileRef</key>
			<string>849725C91D651A5E0060A7A1</string>
			<key>isa</key>
			<string>PBXBuildFile</string>
		</dict>
		<key>849725CD1D651A5E0060A7A1</key>
		<dict>
			<key>fileRef</key>
			<string>849725CB1D651A5E0060A7A1</string>
			<key>isa</key>
			<string>PBXBuildFile</string>
		</dict>
		<key>84B19E2C1D64A153007EC485</key>
		<dict>
			<key>children</key>
			<array>
				<string>849725C11D6516E40060A7A1</string>
				<string>84B19E2D1D64A153007EC485</string>
				<string>84B19E301D64A153007EC485</string>
			</array>
			<key>isa</key>
			<string>PBXGroup</string>
			<key>path</key>
			<string>Base</string>
			<key>sourceTree</key>
			<string>&lt;group&gt;</string>
		</dict>
		<key>84B19E2D1D64A153007EC485</key>
		<dict>
			<key>children</key>
			<array>
				<string>84B19E2E1D64A153007EC485</string>
				<string>84B19E2F1D64A153007EC485</string>
			</array>
			<key>isa</key>
			<string>PBXGroup</string>
			<key>path</key>
			<string>Storyboard</string>
			<key>sourceTree</key>
			<string>&lt;group&gt;</string>
		</dict>
		<key>84B19E2E1D64A153007EC485</key>
		<dict>
			<key>fileEncoding</key>
			<string>4</string>
			<key>isa</key>
			<string>PBXFileReference</string>
			<key>lastKnownFileType</key>
			<string>file.storyboard</string>
			<key>path</key>
			<string>LaunchScreen.storyboard</string>
			<key>sourceTree</key>
			<string>&lt;group&gt;</string>
		</dict>
		<key>84B19E2F1D64A153007EC485</key>
		<dict>
			<key>fileEncoding</key>
			<string>4</string>
			<key>isa</key>
			<string>PBXFileReference</string>
			<key>lastKnownFileType</key>
			<string>file.storyboard</string>
			<key>path</key>
			<string>Main.storyboard</string>
			<key>sourceTree</key>
			<string>&lt;group&gt;</string>
		</dict>
		<key>84B19E301D64A153007EC485</key>
		<dict>
			<key>fileEncoding</key>
			<string>4</string>
			<key>isa</key>
			<string>PBXFileReference</string>
			<key>lastKnownFileType</key>
			<string>sourcecode.swift</string>
			<key>path</key>
			<string>ViewController.swift</string>
			<key>sourceTree</key>
			<string>&lt;group&gt;</string>
		</dict>
		<key>84B19E311D64A153007EC485</key>
		<dict>
			<key>children</key>
			<array>
				<string>849725BF1D6510420060A7A1</string>
			</array>
			<key>isa</key>
			<string>PBXGroup</string>
			<key>path</key>
			<string>Core</string>
			<key>sourceTree</key>
			<string>&lt;group&gt;</string>
		</dict>
		<key>84B19E321D64A153007EC485</key>
		<dict>
			<key>children</key>
			<array>
				<string>84B19E331D64A153007EC485</string>
				<string>84B19E341D64A153007EC485</string>
				<string>84B19E351D64A153007EC485</string>
			</array>
			<key>isa</key>
			<string>PBXGroup</string>
			<key>path</key>
			<string>Others</string>
			<key>sourceTree</key>
			<string>&lt;group&gt;</string>
		</dict>
		<key>84B19E331D64A153007EC485</key>
		<dict>
			<key>fileEncoding</key>
			<string>4</string>
			<key>isa</key>
			<string>PBXFileReference</string>
			<key>lastKnownFileType</key>
			<string>sourcecode.swift</string>
			<key>path</key>
			<string>AppDelegate.swift</string>
			<key>sourceTree</key>
			<string>&lt;group&gt;</string>
		</dict>
		<key>84B19E341D64A153007EC485</key>
		<dict>
			<key>isa</key>
			<string>PBXFileReference</string>
			<key>lastKnownFileType</key>
			<string>folder.assetcatalog</string>
			<key>path</key>
			<string>Assets.xcassets</string>
			<key>sourceTree</key>
			<string>&lt;group&gt;</string>
		</dict>
		<key>84B19E351D64A153007EC485</key>
		<dict>
			<key>fileEncoding</key>
			<string>4</string>
			<key>isa</key>
			<string>PBXFileReference</string>
			<key>lastKnownFileType</key>
			<string>text.json</string>
			<key>path</key>
			<string>contacts_json.json</string>
			<key>sourceTree</key>
			<string>&lt;group&gt;</string>
		</dict>
		<key>84B19E361D64A153007EC485</key>
		<dict>
			<key>fileRef</key>
			<string>84B19E2E1D64A153007EC485</string>
			<key>isa</key>
			<string>PBXBuildFile</string>
		</dict>
		<key>84B19E371D64A153007EC485</key>
		<dict>
			<key>fileRef</key>
			<string>84B19E2F1D64A153007EC485</string>
			<key>isa</key>
			<string>PBXBuildFile</string>
		</dict>
		<key>84B19E381D64A153007EC485</key>
		<dict>
			<key>fileRef</key>
			<string>84B19E301D64A153007EC485</string>
			<key>isa</key>
			<string>PBXBuildFile</string>
		</dict>
		<key>84B19E391D64A153007EC485</key>
		<dict>
			<key>fileRef</key>
			<string>84B19E331D64A153007EC485</string>
			<key>isa</key>
			<string>PBXBuildFile</string>
		</dict>
		<key>84B19E3A1D64A153007EC485</key>
		<dict>
			<key>fileRef</key>
			<string>84B19E341D64A153007EC485</string>
			<key>isa</key>
			<string>PBXBuildFile</string>
		</dict>
		<key>84B19E3B1D64A153007EC485</key>
		<dict>
			<key>fileRef</key>
			<string>84B19E351D64A153007EC485</string>
			<key>isa</key>
			<string>PBXBuildFile</string>
		</dict>
		<key>84DD89E01D64973B00E1E4E3</key>
		<dict>
			<key>children</key>
			<array>
				<string>84DD89EB1D64973B00E1E4E3</string>
				<string>84DD8A001D64973B00E1E4E3</string>
				<string>84DD8A0B1D64973B00E1E4E3</string>
				<string>84DD89EA1D64973B00E1E4E3</string>
				<string>89F491C90015BF4E75D1D90A</string>
				<string>5D5B31E571A6D00D78835B4B</string>
			</array>
			<key>isa</key>
			<string>PBXGroup</string>
			<key>sourceTree</key>
			<string>&lt;group&gt;</string>
		</dict>
		<key>84DD89E11D64973B00E1E4E3</key>
		<dict>
			<key>attributes</key>
			<dict>
				<key>LastSwiftUpdateCheck</key>
				<string>0730</string>
				<key>LastUpgradeCheck</key>
				<string>0730</string>
				<key>ORGANIZATIONNAME</key>
				<string>Bruno Santos</string>
				<key>TargetAttributes</key>
				<dict>
					<key>84DD89E81D64973B00E1E4E3</key>
					<dict>
						<key>CreatedOnToolsVersion</key>
						<string>7.3.1</string>
						<key>DevelopmentTeam</key>
						<string>3GK4EVGD54</string>
					</dict>
					<key>84DD89FC1D64973B00E1E4E3</key>
					<dict>
						<key>CreatedOnToolsVersion</key>
						<string>7.3.1</string>
						<key>TestTargetID</key>
						<string>84DD89E81D64973B00E1E4E3</string>
					</dict>
					<key>84DD8A071D64973B00E1E4E3</key>
					<dict>
						<key>CreatedOnToolsVersion</key>
						<string>7.3.1</string>
						<key>TestTargetID</key>
						<string>84DD89E81D64973B00E1E4E3</string>
					</dict>
				</dict>
			</dict>
			<key>buildConfigurationList</key>
			<string>84DD89E41D64973B00E1E4E3</string>
			<key>compatibilityVersion</key>
			<string>Xcode 3.2</string>
			<key>developmentRegion</key>
			<string>English</string>
			<key>hasScannedForEncodings</key>
			<string>0</string>
			<key>isa</key>
			<string>PBXProject</string>
			<key>knownRegions</key>
			<array>
				<string>en</string>
				<string>Base</string>
			</array>
			<key>mainGroup</key>
			<string>84DD89E01D64973B00E1E4E3</string>
			<key>productRefGroup</key>
			<string>84DD89EA1D64973B00E1E4E3</string>
			<key>projectDirPath</key>
			<string></string>
			<key>projectReferences</key>
			<array/>
			<key>projectRoot</key>
			<string></string>
			<key>targets</key>
			<array>
				<string>84DD89E81D64973B00E1E4E3</string>
				<string>84DD89FC1D64973B00E1E4E3</string>
				<string>84DD8A071D64973B00E1E4E3</string>
			</array>
		</dict>
		<key>84DD89E41D64973B00E1E4E3</key>
		<dict>
			<key>buildConfigurations</key>
			<array>
				<string>84DD8A0F1D64973B00E1E4E3</string>
				<string>84DD8A101D64973B00E1E4E3</string>
			</array>
			<key>defaultConfigurationIsVisible</key>
			<string>0</string>
			<key>defaultConfigurationName</key>
			<string>Release</string>
			<key>isa</key>
			<string>XCConfigurationList</string>
		</dict>
		<key>84DD89E51D64973B00E1E4E3</key>
		<dict>
			<key>buildActionMask</key>
			<string>2147483647</string>
			<key>files</key>
			<array>
				<string>849725C61D6516E40060A7A1</string>
				<string>84B19E391D64A153007EC485</string>
				<string>849725C01D6510420060A7A1</string>
				<string>849725C71D6516E40060A7A1</string>
				<string>84B19E381D64A153007EC485</string>
			</array>
			<key>isa</key>
			<string>PBXSourcesBuildPhase</string>
			<key>runOnlyForDeploymentPostprocessing</key>
			<string>0</string>
		</dict>
		<key>84DD89E61D64973B00E1E4E3</key>
		<dict>
			<key>buildActionMask</key>
			<string>2147483647</string>
			<key>files</key>
			<array>
				<string>E74A624E106AC61A77CF3CD7</string>
			</array>
			<key>isa</key>
			<string>PBXFrameworksBuildPhase</string>
			<key>runOnlyForDeploymentPostprocessing</key>
			<string>0</string>
		</dict>
		<key>84DD89E71D64973B00E1E4E3</key>
		<dict>
			<key>buildActionMask</key>
			<string>2147483647</string>
			<key>files</key>
			<array>
				<string>84B19E361D64A153007EC485</string>
				<string>84B19E3A1D64A153007EC485</string>
				<string>84B19E3B1D64A153007EC485</string>
				<string>E6CBFE171D64B06A00BB976D</string>
				<string>84B19E371D64A153007EC485</string>
			</array>
			<key>isa</key>
			<string>PBXResourcesBuildPhase</string>
			<key>runOnlyForDeploymentPostprocessing</key>
			<string>0</string>
		</dict>
		<key>84DD89E81D64973B00E1E4E3</key>
		<dict>
			<key>buildConfigurationList</key>
			<string>84DD8A111D64973B00E1E4E3</string>
			<key>buildPhases</key>
			<array>
				<string>C99CE2AA822292FC4CD7BE24</string>
				<string>84DD89E51D64973B00E1E4E3</string>
				<string>84DD89E61D64973B00E1E4E3</string>
				<string>84DD89E71D64973B00E1E4E3</string>
				<string>BCCA0CF48396EE4B9194D38F</string>
				<string>13412F9AFC670CDC2AF001D3</string>
				<string>795662839BA5832A53680670</string>
			</array>
			<key>buildRules</key>
			<array/>
			<key>dependencies</key>
			<array/>
			<key>isa</key>
			<string>PBXNativeTarget</string>
			<key>name</key>
			<string>NeonTransfer</string>
			<key>productName</key>
			<string>NeonTransfer</string>
			<key>productReference</key>
			<string>84DD89E91D64973B00E1E4E3</string>
			<key>productType</key>
			<string>com.apple.product-type.application</string>
		</dict>
		<key>84DD89E91D64973B00E1E4E3</key>
		<dict>
			<key>explicitFileType</key>
			<string>wrapper.application</string>
			<key>includeInIndex</key>
			<string>0</string>
			<key>isa</key>
			<string>PBXFileReference</string>
			<key>path</key>
			<string>NeonTransfer.app</string>
			<key>sourceTree</key>
			<string>BUILT_PRODUCTS_DIR</string>
		</dict>
		<key>84DD89EA1D64973B00E1E4E3</key>
		<dict>
			<key>children</key>
			<array>
				<string>84DD89E91D64973B00E1E4E3</string>
				<string>84DD89FD1D64973B00E1E4E3</string>
				<string>84DD8A081D64973B00E1E4E3</string>
			</array>
			<key>isa</key>
			<string>PBXGroup</string>
			<key>name</key>
			<string>Products</string>
			<key>sourceTree</key>
			<string>&lt;group&gt;</string>
		</dict>
		<key>84DD89EB1D64973B00E1E4E3</key>
		<dict>
			<key>children</key>
			<array>
				<string>84B19E2C1D64A153007EC485</string>
				<string>84B19E311D64A153007EC485</string>
				<string>84B19E321D64A153007EC485</string>
				<string>E6CBFE161D64B06A00BB976D</string>
			</array>
			<key>isa</key>
			<string>PBXGroup</string>
			<key>path</key>
			<string>NeonTransfer</string>
			<key>sourceTree</key>
			<string>&lt;group&gt;</string>
		</dict>
		<key>84DD89F91D64973B00E1E4E3</key>
		<dict>
			<key>buildActionMask</key>
			<string>2147483647</string>
			<key>files</key>
			<array>
				<string>849725CC1D651A5E0060A7A1</string>
				<string>849725CD1D651A5E0060A7A1</string>
			</array>
			<key>isa</key>
			<string>PBXSourcesBuildPhase</string>
			<key>runOnlyForDeploymentPostprocessing</key>
			<string>0</string>
		</dict>
		<key>84DD89FA1D64973B00E1E4E3</key>
		<dict>
			<key>buildActionMask</key>
			<string>2147483647</string>
			<key>files</key>
			<array>
				<string>5989C02506C2EC0EF4CCAA0E</string>
			</array>
			<key>isa</key>
			<string>PBXFrameworksBuildPhase</string>
			<key>runOnlyForDeploymentPostprocessing</key>
			<string>0</string>
		</dict>
		<key>84DD89FB1D64973B00E1E4E3</key>
		<dict>
			<key>buildActionMask</key>
			<string>2147483647</string>
			<key>files</key>
			<array/>
			<key>isa</key>
			<string>PBXResourcesBuildPhase</string>
			<key>runOnlyForDeploymentPostprocessing</key>
			<string>0</string>
		</dict>
		<key>84DD89FC1D64973B00E1E4E3</key>
		<dict>
			<key>buildConfigurationList</key>
			<string>84DD8A141D64973B00E1E4E3</string>
			<key>buildPhases</key>
			<array>
				<string>07E3A70EB050C95039C91872</string>
				<string>84DD89F91D64973B00E1E4E3</string>
				<string>84DD89FA1D64973B00E1E4E3</string>
				<string>84DD89FB1D64973B00E1E4E3</string>
				<string>093AE4B8C2EFF7F887A52701</string>
				<string>E23370650594126E411DD55A</string>
				<string>FC840FA6D78F6098A237402E</string>
			</array>
			<key>buildRules</key>
			<array/>
			<key>dependencies</key>
			<array>
				<string>84DD89FF1D64973B00E1E4E3</string>
			</array>
			<key>isa</key>
			<string>PBXNativeTarget</string>
			<key>name</key>
			<string>NeonTransferTests</string>
			<key>productName</key>
			<string>NeonTransferTests</string>
			<key>productReference</key>
			<string>84DD89FD1D64973B00E1E4E3</string>
			<key>productType</key>
			<string>com.apple.product-type.bundle.unit-test</string>
		</dict>
		<key>84DD89FD1D64973B00E1E4E3</key>
		<dict>
			<key>explicitFileType</key>
			<string>wrapper.cfbundle</string>
			<key>includeInIndex</key>
			<string>0</string>
			<key>isa</key>
			<string>PBXFileReference</string>
			<key>path</key>
			<string>NeonTransferTests.xctest</string>
			<key>sourceTree</key>
			<string>BUILT_PRODUCTS_DIR</string>
		</dict>
		<key>84DD89FE1D64973B00E1E4E3</key>
		<dict>
			<key>containerPortal</key>
			<string>84DD89E11D64973B00E1E4E3</string>
			<key>isa</key>
			<string>PBXContainerItemProxy</string>
			<key>proxyType</key>
			<string>1</string>
			<key>remoteGlobalIDString</key>
			<string>84DD89E81D64973B00E1E4E3</string>
			<key>remoteInfo</key>
			<string>NeonTransfer</string>
		</dict>
		<key>84DD89FF1D64973B00E1E4E3</key>
		<dict>
			<key>isa</key>
			<string>PBXTargetDependency</string>
			<key>target</key>
			<string>84DD89E81D64973B00E1E4E3</string>
			<key>targetProxy</key>
			<string>84DD89FE1D64973B00E1E4E3</string>
		</dict>
		<key>84DD8A001D64973B00E1E4E3</key>
		<dict>
			<key>children</key>
			<array>
				<string>849725C81D651A5E0060A7A1</string>
				<string>849725CA1D651A5E0060A7A1</string>
				<string>84DD8A031D64973B00E1E4E3</string>
			</array>
			<key>isa</key>
			<string>PBXGroup</string>
			<key>path</key>
			<string>NeonTransferTests</string>
			<key>sourceTree</key>
			<string>&lt;group&gt;</string>
		</dict>
		<key>84DD8A031D64973B00E1E4E3</key>
		<dict>
			<key>isa</key>
			<string>PBXFileReference</string>
			<key>lastKnownFileType</key>
			<string>text.plist.xml</string>
			<key>path</key>
			<string>Info.plist</string>
			<key>sourceTree</key>
			<string>&lt;group&gt;</string>
		</dict>
		<key>84DD8A041D64973B00E1E4E3</key>
		<dict>
			<key>buildActionMask</key>
			<string>2147483647</string>
			<key>files</key>
			<array>
				<string>84DD8A0D1D64973B00E1E4E3</string>
			</array>
			<key>isa</key>
			<string>PBXSourcesBuildPhase</string>
			<key>runOnlyForDeploymentPostprocessing</key>
			<string>0</string>
		</dict>
		<key>84DD8A051D64973B00E1E4E3</key>
		<dict>
			<key>buildActionMask</key>
			<string>2147483647</string>
			<key>files</key>
			<array>
				<string>C2567EF940B219A216175025</string>
			</array>
			<key>isa</key>
			<string>PBXFrameworksBuildPhase</string>
			<key>runOnlyForDeploymentPostprocessing</key>
			<string>0</string>
		</dict>
		<key>84DD8A061D64973B00E1E4E3</key>
		<dict>
			<key>buildActionMask</key>
			<string>2147483647</string>
			<key>files</key>
			<array/>
			<key>isa</key>
			<string>PBXResourcesBuildPhase</string>
			<key>runOnlyForDeploymentPostprocessing</key>
			<string>0</string>
		</dict>
		<key>84DD8A071D64973B00E1E4E3</key>
		<dict>
			<key>buildConfigurationList</key>
			<string>84DD8A171D64973B00E1E4E3</string>
			<key>buildPhases</key>
			<array>
				<string>7BB617755A702CEBC6A0DEED</string>
				<string>84DD8A041D64973B00E1E4E3</string>
				<string>84DD8A051D64973B00E1E4E3</string>
				<string>84DD8A061D64973B00E1E4E3</string>
				<string>BE07B31AD1EC19C25E9C4ECD</string>
			</array>
			<key>buildRules</key>
			<array/>
			<key>dependencies</key>
			<array>
				<string>84DD8A0A1D64973B00E1E4E3</string>
			</array>
			<key>isa</key>
			<string>PBXNativeTarget</string>
			<key>name</key>
			<string>NeonTransferUITests</string>
			<key>productName</key>
			<string>NeonTransferUITests</string>
			<key>productReference</key>
			<string>84DD8A081D64973B00E1E4E3</string>
			<key>productType</key>
			<string>com.apple.product-type.bundle.ui-testing</string>
		</dict>
		<key>84DD8A081D64973B00E1E4E3</key>
		<dict>
			<key>explicitFileType</key>
			<string>wrapper.cfbundle</string>
			<key>includeInIndex</key>
			<string>0</string>
			<key>isa</key>
			<string>PBXFileReference</string>
			<key>path</key>
			<string>NeonTransferUITests.xctest</string>
			<key>sourceTree</key>
			<string>BUILT_PRODUCTS_DIR</string>
		</dict>
		<key>84DD8A091D64973B00E1E4E3</key>
		<dict>
			<key>containerPortal</key>
			<string>84DD89E11D64973B00E1E4E3</string>
			<key>isa</key>
			<string>PBXContainerItemProxy</string>
			<key>proxyType</key>
			<string>1</string>
			<key>remoteGlobalIDString</key>
			<string>84DD89E81D64973B00E1E4E3</string>
			<key>remoteInfo</key>
			<string>NeonTransfer</string>
		</dict>
		<key>84DD8A0A1D64973B00E1E4E3</key>
		<dict>
			<key>isa</key>
			<string>PBXTargetDependency</string>
			<key>target</key>
			<string>84DD89E81D64973B00E1E4E3</string>
			<key>targetProxy</key>
			<string>84DD8A091D64973B00E1E4E3</string>
		</dict>
		<key>84DD8A0B1D64973B00E1E4E3</key>
		<dict>
			<key>children</key>
			<array>
				<string>84DD8A0C1D64973B00E1E4E3</string>
				<string>84DD8A0E1D64973B00E1E4E3</string>
			</array>
			<key>isa</key>
			<string>PBXGroup</string>
			<key>path</key>
			<string>NeonTransferUITests</string>
			<key>sourceTree</key>
			<string>&lt;group&gt;</string>
		</dict>
		<key>84DD8A0C1D64973B00E1E4E3</key>
		<dict>
			<key>isa</key>
			<string>PBXFileReference</string>
			<key>lastKnownFileType</key>
			<string>sourcecode.swift</string>
			<key>path</key>
			<string>NeonTransferUITests.swift</string>
			<key>sourceTree</key>
			<string>&lt;group&gt;</string>
		</dict>
		<key>84DD8A0D1D64973B00E1E4E3</key>
		<dict>
			<key>fileRef</key>
			<string>84DD8A0C1D64973B00E1E4E3</string>
			<key>isa</key>
			<string>PBXBuildFile</string>
		</dict>
		<key>84DD8A0E1D64973B00E1E4E3</key>
		<dict>
			<key>isa</key>
			<string>PBXFileReference</string>
			<key>lastKnownFileType</key>
			<string>text.plist.xml</string>
			<key>path</key>
			<string>Info.plist</string>
			<key>sourceTree</key>
			<string>&lt;group&gt;</string>
		</dict>
		<key>84DD8A0F1D64973B00E1E4E3</key>
		<dict>
			<key>buildSettings</key>
			<dict>
				<key>ALWAYS_SEARCH_USER_PATHS</key>
				<string>NO</string>
				<key>CLANG_ANALYZER_NONNULL</key>
				<string>YES</string>
				<key>CLANG_CXX_LANGUAGE_STANDARD</key>
				<string>gnu++0x</string>
				<key>CLANG_CXX_LIBRARY</key>
				<string>libc++</string>
				<key>CLANG_ENABLE_MODULES</key>
				<string>YES</string>
				<key>CLANG_ENABLE_OBJC_ARC</key>
				<string>YES</string>
				<key>CLANG_WARN_BOOL_CONVERSION</key>
				<string>YES</string>
				<key>CLANG_WARN_CONSTANT_CONVERSION</key>
				<string>YES</string>
				<key>CLANG_WARN_DIRECT_OBJC_ISA_USAGE</key>
				<string>YES_ERROR</string>
				<key>CLANG_WARN_EMPTY_BODY</key>
				<string>YES</string>
				<key>CLANG_WARN_ENUM_CONVERSION</key>
				<string>YES</string>
				<key>CLANG_WARN_INT_CONVERSION</key>
				<string>YES</string>
				<key>CLANG_WARN_OBJC_ROOT_CLASS</key>
				<string>YES_ERROR</string>
				<key>CLANG_WARN_UNREACHABLE_CODE</key>
				<string>YES</string>
				<key>CLANG_WARN__DUPLICATE_METHOD_MATCH</key>
				<string>YES</string>
				<key>CODE_SIGN_IDENTITY[sdk=iphoneos*]</key>
				<string>iPhone Developer</string>
				<key>COPY_PHASE_STRIP</key>
				<string>NO</string>
				<key>DEBUG_INFORMATION_FORMAT</key>
				<string>dwarf</string>
				<key>ENABLE_STRICT_OBJC_MSGSEND</key>
				<string>YES</string>
				<key>ENABLE_TESTABILITY</key>
				<string>YES</string>
				<key>GCC_C_LANGUAGE_STANDARD</key>
				<string>gnu99</string>
				<key>GCC_DYNAMIC_NO_PIC</key>
				<string>NO</string>
				<key>GCC_NO_COMMON_BLOCKS</key>
				<string>YES</string>
				<key>GCC_OPTIMIZATION_LEVEL</key>
				<string>0</string>
				<key>GCC_PREPROCESSOR_DEFINITIONS</key>
				<array>
					<string>DEBUG=1</string>
					<string>$(inherited)</string>
				</array>
				<key>GCC_WARN_64_TO_32_BIT_CONVERSION</key>
				<string>YES</string>
				<key>GCC_WARN_ABOUT_RETURN_TYPE</key>
				<string>YES_ERROR</string>
				<key>GCC_WARN_UNDECLARED_SELECTOR</key>
				<string>YES</string>
				<key>GCC_WARN_UNINITIALIZED_AUTOS</key>
				<string>YES_AGGRESSIVE</string>
				<key>GCC_WARN_UNUSED_FUNCTION</key>
				<string>YES</string>
				<key>GCC_WARN_UNUSED_VARIABLE</key>
				<string>YES</string>
				<key>IPHONEOS_DEPLOYMENT_TARGET</key>
				<string>9.3</string>
				<key>MTL_ENABLE_DEBUG_INFO</key>
				<string>YES</string>
				<key>ONLY_ACTIVE_ARCH</key>
				<string>YES</string>
				<key>SDKROOT</key>
				<string>iphoneos</string>
				<key>SWIFT_OPTIMIZATION_LEVEL</key>
				<string>-Onone</string>
			</dict>
			<key>isa</key>
			<string>XCBuildConfiguration</string>
			<key>name</key>
			<string>Debug</string>
		</dict>
		<key>84DD8A101D64973B00E1E4E3</key>
		<dict>
			<key>buildSettings</key>
			<dict>
				<key>ALWAYS_SEARCH_USER_PATHS</key>
				<string>NO</string>
				<key>CLANG_ANALYZER_NONNULL</key>
				<string>YES</string>
				<key>CLANG_CXX_LANGUAGE_STANDARD</key>
				<string>gnu++0x</string>
				<key>CLANG_CXX_LIBRARY</key>
				<string>libc++</string>
				<key>CLANG_ENABLE_MODULES</key>
				<string>YES</string>
				<key>CLANG_ENABLE_OBJC_ARC</key>
				<string>YES</string>
				<key>CLANG_WARN_BOOL_CONVERSION</key>
				<string>YES</string>
				<key>CLANG_WARN_CONSTANT_CONVERSION</key>
				<string>YES</string>
				<key>CLANG_WARN_DIRECT_OBJC_ISA_USAGE</key>
				<string>YES_ERROR</string>
				<key>CLANG_WARN_EMPTY_BODY</key>
				<string>YES</string>
				<key>CLANG_WARN_ENUM_CONVERSION</key>
				<string>YES</string>
				<key>CLANG_WARN_INT_CONVERSION</key>
				<string>YES</string>
				<key>CLANG_WARN_OBJC_ROOT_CLASS</key>
				<string>YES_ERROR</string>
				<key>CLANG_WARN_UNREACHABLE_CODE</key>
				<string>YES</string>
				<key>CLANG_WARN__DUPLICATE_METHOD_MATCH</key>
				<string>YES</string>
				<key>CODE_SIGN_IDENTITY[sdk=iphoneos*]</key>
				<string>iPhone Developer</string>
				<key>COPY_PHASE_STRIP</key>
				<string>NO</string>
				<key>DEBUG_INFORMATION_FORMAT</key>
				<string>dwarf-with-dsym</string>
				<key>ENABLE_NS_ASSERTIONS</key>
				<string>NO</string>
				<key>ENABLE_STRICT_OBJC_MSGSEND</key>
				<string>YES</string>
				<key>GCC_C_LANGUAGE_STANDARD</key>
				<string>gnu99</string>
				<key>GCC_NO_COMMON_BLOCKS</key>
				<string>YES</string>
				<key>GCC_WARN_64_TO_32_BIT_CONVERSION</key>
				<string>YES</string>
				<key>GCC_WARN_ABOUT_RETURN_TYPE</key>
				<string>YES_ERROR</string>
				<key>GCC_WARN_UNDECLARED_SELECTOR</key>
				<string>YES</string>
				<key>GCC_WARN_UNINITIALIZED_AUTOS</key>
				<string>YES_AGGRESSIVE</string>
				<key>GCC_WARN_UNUSED_FUNCTION</key>
				<string>YES</string>
				<key>GCC_WARN_UNUSED_VARIABLE</key>
				<string>YES</string>
				<key>IPHONEOS_DEPLOYMENT_TARGET</key>
				<string>9.3</string>
				<key>MTL_ENABLE_DEBUG_INFO</key>
				<string>NO</string>
				<key>SDKROOT</key>
				<string>iphoneos</string>
				<key>VALIDATE_PRODUCT</key>
				<string>YES</string>
			</dict>
			<key>isa</key>
			<string>XCBuildConfiguration</string>
			<key>name</key>
			<string>Release</string>
		</dict>
		<key>84DD8A111D64973B00E1E4E3</key>
		<dict>
			<key>buildConfigurations</key>
			<array>
				<string>84DD8A121D64973B00E1E4E3</string>
				<string>84DD8A131D64973B00E1E4E3</string>
			</array>
			<key>defaultConfigurationIsVisible</key>
			<string>0</string>
			<key>defaultConfigurationName</key>
			<string>Release</string>
			<key>isa</key>
			<string>XCConfigurationList</string>
		</dict>
		<key>84DD8A121D64973B00E1E4E3</key>
		<dict>
			<key>baseConfigurationReference</key>
			<string>82EAF6668D31C610AD26B801</string>
			<key>buildSettings</key>
			<dict>
				<key>ASSETCATALOG_COMPILER_APPICON_NAME</key>
				<string>AppIcon</string>
				<key>CODE_SIGN_IDENTITY</key>
				<string>iPhone Developer</string>
				<key>INFOPLIST_FILE</key>
				<string>NeonTransfer/Info.plist</string>
				<key>LD_RUNPATH_SEARCH_PATHS</key>
				<string>$(inherited) @executable_path/Frameworks</string>
				<key>PRODUCT_BUNDLE_IDENTIFIER</key>
				<string>vm.NeonTransfer</string>
				<key>PRODUCT_NAME</key>
				<string>$(TARGET_NAME)</string>
			</dict>
			<key>isa</key>
			<string>XCBuildConfiguration</string>
			<key>name</key>
			<string>Debug</string>
		</dict>
		<key>84DD8A131D64973B00E1E4E3</key>
		<dict>
			<key>baseConfigurationReference</key>
			<string>3F190DA2FE88624E50632A65</string>
			<key>buildSettings</key>
			<dict>
				<key>ASSETCATALOG_COMPILER_APPICON_NAME</key>
				<string>AppIcon</string>
				<key>CODE_SIGN_IDENTITY</key>
				<string>iPhone Developer</string>
				<key>INFOPLIST_FILE</key>
				<string>NeonTransfer/Info.plist</string>
				<key>LD_RUNPATH_SEARCH_PATHS</key>
				<string>$(inherited) @executable_path/Frameworks</string>
				<key>PRODUCT_BUNDLE_IDENTIFIER</key>
				<string>vm.NeonTransfer</string>
				<key>PRODUCT_NAME</key>
				<string>$(TARGET_NAME)</string>
			</dict>
			<key>isa</key>
			<string>XCBuildConfiguration</string>
			<key>name</key>
			<string>Release</string>
		</dict>
		<key>84DD8A141D64973B00E1E4E3</key>
		<dict>
			<key>buildConfigurations</key>
			<array>
				<string>84DD8A151D64973B00E1E4E3</string>
				<string>84DD8A161D64973B00E1E4E3</string>
			</array>
			<key>defaultConfigurationIsVisible</key>
			<string>0</string>
			<key>defaultConfigurationName</key>
			<string>Release</string>
			<key>isa</key>
			<string>XCConfigurationList</string>
		</dict>
		<key>84DD8A151D64973B00E1E4E3</key>
		<dict>
			<key>baseConfigurationReference</key>
			<string>9E50BDFAEE733D30524BFCF1</string>
			<key>buildSettings</key>
			<dict>
				<key>BUNDLE_LOADER</key>
				<string>$(TEST_HOST)</string>
				<key>INFOPLIST_FILE</key>
				<string>NeonTransferTests/Info.plist</string>
				<key>LD_RUNPATH_SEARCH_PATHS</key>
				<string>$(inherited) @executable_path/Frameworks @loader_path/Frameworks</string>
				<key>PRODUCT_BUNDLE_IDENTIFIER</key>
				<string>Netshoes.NeonTransferTests</string>
				<key>PRODUCT_NAME</key>
				<string>$(TARGET_NAME)</string>
				<key>TEST_HOST</key>
				<string>$(BUILT_PRODUCTS_DIR)/NeonTransfer.app/NeonTransfer</string>
			</dict>
			<key>isa</key>
			<string>XCBuildConfiguration</string>
			<key>name</key>
			<string>Debug</string>
		</dict>
		<key>84DD8A161D64973B00E1E4E3</key>
		<dict>
			<key>baseConfigurationReference</key>
			<string>1F4A79C90F1FDE61213E8E5B</string>
			<key>buildSettings</key>
			<dict>
				<key>BUNDLE_LOADER</key>
				<string>$(TEST_HOST)</string>
				<key>INFOPLIST_FILE</key>
				<string>NeonTransferTests/Info.plist</string>
				<key>LD_RUNPATH_SEARCH_PATHS</key>
				<string>$(inherited) @executable_path/Frameworks @loader_path/Frameworks</string>
				<key>PRODUCT_BUNDLE_IDENTIFIER</key>
				<string>Netshoes.NeonTransferTests</string>
				<key>PRODUCT_NAME</key>
				<string>$(TARGET_NAME)</string>
				<key>TEST_HOST</key>
				<string>$(BUILT_PRODUCTS_DIR)/NeonTransfer.app/NeonTransfer</string>
			</dict>
			<key>isa</key>
			<string>XCBuildConfiguration</string>
			<key>name</key>
			<string>Release</string>
		</dict>
		<key>84DD8A171D64973B00E1E4E3</key>
		<dict>
			<key>buildConfigurations</key>
			<array>
				<string>84DD8A181D64973B00E1E4E3</string>
				<string>84DD8A191D64973B00E1E4E3</string>
			</array>
			<key>defaultConfigurationIsVisible</key>
			<string>0</string>
			<key>defaultConfigurationName</key>
			<string>Release</string>
			<key>isa</key>
			<string>XCConfigurationList</string>
		</dict>
		<key>84DD8A181D64973B00E1E4E3</key>
		<dict>
			<key>baseConfigurationReference</key>
			<string>E59FA228D9789C625E392186</string>
			<key>buildSettings</key>
			<dict>
				<key>INFOPLIST_FILE</key>
				<string>NeonTransferUITests/Info.plist</string>
				<key>LD_RUNPATH_SEARCH_PATHS</key>
				<string>$(inherited) @executable_path/Frameworks @loader_path/Frameworks</string>
				<key>PRODUCT_BUNDLE_IDENTIFIER</key>
				<string>Netshoes.NeonTransferUITests</string>
				<key>PRODUCT_NAME</key>
				<string>$(TARGET_NAME)</string>
				<key>TEST_TARGET_NAME</key>
				<string>NeonTransfer</string>
			</dict>
			<key>isa</key>
			<string>XCBuildConfiguration</string>
			<key>name</key>
			<string>Debug</string>
		</dict>
		<key>84DD8A191D64973B00E1E4E3</key>
		<dict>
			<key>baseConfigurationReference</key>
			<string>15F59224C80BA94FB8DBEBA0</string>
			<key>buildSettings</key>
			<dict>
				<key>INFOPLIST_FILE</key>
				<string>NeonTransferUITests/Info.plist</string>
				<key>LD_RUNPATH_SEARCH_PATHS</key>
				<string>$(inherited) @executable_path/Frameworks @loader_path/Frameworks</string>
				<key>PRODUCT_BUNDLE_IDENTIFIER</key>
				<string>Netshoes.NeonTransferUITests</string>
				<key>PRODUCT_NAME</key>
				<string>$(TARGET_NAME)</string>
				<key>TEST_TARGET_NAME</key>
				<string>NeonTransfer</string>
			</dict>
			<key>isa</key>
			<string>XCBuildConfiguration</string>
			<key>name</key>
			<string>Release</string>
		</dict>
		<key>89F491C90015BF4E75D1D90A</key>
		<dict>
			<key>children</key>
			<array>
				<string>82EAF6668D31C610AD26B801</string>
				<string>3F190DA2FE88624E50632A65</string>
				<string>9E50BDFAEE733D30524BFCF1</string>
				<string>1F4A79C90F1FDE61213E8E5B</string>
				<string>E59FA228D9789C625E392186</string>
				<string>15F59224C80BA94FB8DBEBA0</string>
			</array>
			<key>isa</key>
			<string>PBXGroup</string>
			<key>name</key>
			<string>Pods</string>
			<key>sourceTree</key>
			<string>&lt;group&gt;</string>
		</dict>
		<key>9E50BDFAEE733D30524BFCF1</key>
		<dict>
			<key>includeInIndex</key>
			<string>1</string>
			<key>isa</key>
			<string>PBXFileReference</string>
			<key>lastKnownFileType</key>
			<string>text.xcconfig</string>
			<key>name</key>
			<string>Pods-NeonTransferTests.debug.xcconfig</string>
			<key>path</key>
			<string>Pods/Target Support Files/Pods-NeonTransferTests/Pods-NeonTransferTests.debug.xcconfig</string>
			<key>sourceTree</key>
			<string>&lt;group&gt;</string>
		</dict>
		<key>BCCA0CF48396EE4B9194D38F</key>
		<dict>
			<key>buildActionMask</key>
			<string>2147483647</string>
			<key>files</key>
			<array/>
			<key>inputPaths</key>
			<array/>
			<key>isa</key>
			<string>PBXShellScriptBuildPhase</string>
			<key>name</key>
			<string>[CP] Embed Pods Frameworks</string>
			<key>outputPaths</key>
			<array/>
			<key>runOnlyForDeploymentPostprocessing</key>
			<string>0</string>
			<key>shellPath</key>
			<string>/bin/sh</string>
			<key>shellScript</key>
			<string>"${SRCROOT}/Pods/Target Support Files/Pods-NeonTransfer/Pods-NeonTransfer-frameworks.sh"
</string>
			<key>showEnvVarsInLog</key>
			<string>0</string>
		</dict>
		<key>BE07B31AD1EC19C25E9C4ECD</key>
		<dict>
			<key>buildActionMask</key>
			<string>2147483647</string>
			<key>files</key>
			<array/>
			<key>inputPaths</key>
			<array/>
			<key>isa</key>
			<string>PBXShellScriptBuildPhase</string>
			<key>name</key>
			<string>[CP] Copy Pods Resources</string>
			<key>outputPaths</key>
			<array/>
			<key>runOnlyForDeploymentPostprocessing</key>
			<string>0</string>
			<key>shellPath</key>
			<string>/bin/sh</string>
			<key>shellScript</key>
			<string>"${SRCROOT}/Pods/Target Support Files/Pods-NeonTransferUITests/Pods-NeonTransferUITests-resources.sh"
</string>
			<key>showEnvVarsInLog</key>
			<string>0</string>
		</dict>
		<key>C11235E9A9965CC5D06B4D05</key>
		<dict>
			<key>explicitFileType</key>
			<string>wrapper.framework</string>
			<key>includeInIndex</key>
			<string>0</string>
			<key>isa</key>
			<string>PBXFileReference</string>
			<key>path</key>
			<string>Pods_NeonTransfer.framework</string>
			<key>sourceTree</key>
			<string>BUILT_PRODUCTS_DIR</string>
		</dict>
		<key>C2567EF940B219A216175025</key>
		<dict>
			<key>fileRef</key>
			<string>43F4EB170167375B83AB3821</string>
			<key>isa</key>
			<string>PBXBuildFile</string>
		</dict>
		<key>C99CE2AA822292FC4CD7BE24</key>
		<dict>
			<key>buildActionMask</key>
			<string>2147483647</string>
			<key>files</key>
			<array/>
			<key>inputPaths</key>
			<array/>
			<key>isa</key>
			<string>PBXShellScriptBuildPhase</string>
			<key>name</key>
			<string>[CP] Check Pods Manifest.lock</string>
			<key>outputPaths</key>
			<array/>
			<key>runOnlyForDeploymentPostprocessing</key>
			<string>0</string>
			<key>shellPath</key>
			<string>/bin/sh</string>
			<key>shellScript</key>
			<string>diff "${PODS_ROOT}/../Podfile.lock" "${PODS_ROOT}/Manifest.lock" &gt; /dev/null
if [[ $? != 0 ]] ; then
    cat &lt;&lt; EOM
error: The sandbox is not in sync with the Podfile.lock. Run 'pod install' or update your CocoaPods installation.
EOM
    exit 1
fi
</string>
			<key>showEnvVarsInLog</key>
			<string>0</string>
		</dict>
		<key>E23370650594126E411DD55A</key>
		<dict>
			<key>buildActionMask</key>
			<string>2147483647</string>
			<key>files</key>
			<array/>
			<key>inputPaths</key>
			<array/>
			<key>isa</key>
			<string>PBXShellScriptBuildPhase</string>
			<key>name</key>
			<string>[CP] Copy Pods Resources</string>
			<key>outputPaths</key>
			<array/>
			<key>runOnlyForDeploymentPostprocessing</key>
			<string>0</string>
			<key>shellPath</key>
			<string>/bin/sh</string>
			<key>shellScript</key>
			<string>"${SRCROOT}/Pods/Target Support Files/Pods-NeonTransferTests/Pods-NeonTransferTests-resources.sh"
</string>
			<key>showEnvVarsInLog</key>
			<string>0</string>
		</dict>
		<key>E59FA228D9789C625E392186</key>
		<dict>
			<key>includeInIndex</key>
			<string>1</string>
			<key>isa</key>
			<string>PBXFileReference</string>
			<key>lastKnownFileType</key>
			<string>text.xcconfig</string>
			<key>name</key>
			<string>Pods-NeonTransferUITests.debug.xcconfig</string>
			<key>path</key>
			<string>Pods/Target Support Files/Pods-NeonTransferUITests/Pods-NeonTransferUITests.debug.xcconfig</string>
			<key>sourceTree</key>
			<string>&lt;group&gt;</string>
		</dict>
		<key>E6CBFE161D64B06A00BB976D</key>
		<dict>
			<key>fileEncoding</key>
			<string>4</string>
			<key>isa</key>
			<string>PBXFileReference</string>
			<key>lastKnownFileType</key>
			<string>text.plist.xml</string>
			<key>path</key>
			<string>Info.plist</string>
			<key>sourceTree</key>
			<string>&lt;group&gt;</string>
		</dict>
		<key>E6CBFE171D64B06A00BB976D</key>
		<dict>
			<key>fileRef</key>
			<string>E6CBFE161D64B06A00BB976D</string>
			<key>isa</key>
			<string>PBXBuildFile</string>
		</dict>
		<key>E74A624E106AC61A77CF3CD7</key>
		<dict>
			<key>fileRef</key>
			<string>C11235E9A9965CC5D06B4D05</string>
			<key>isa</key>
			<string>PBXBuildFile</string>
		</dict>
		<key>FC840FA6D78F6098A237402E</key>
		<dict>
			<key>buildActionMask</key>
			<string>2147483647</string>
			<key>files</key>
			<array/>
			<key>inputPaths</key>
			<array/>
			<key>isa</key>
			<string>PBXShellScriptBuildPhase</string>
			<key>name</key>
			<string>Embed Pods Frameworks</string>
			<key>outputPaths</key>
			<array/>
			<key>runOnlyForDeploymentPostprocessing</key>
			<string>0</string>
			<key>shellPath</key>
			<string>/bin/sh</string>
			<key>shellScript</key>
			<string>"${SRCROOT}/Pods/Target Support Files/Pods-NeonTransferTests/Pods-NeonTransferTests-frameworks.sh"
</string>
			<key>showEnvVarsInLog</key>
			<string>0</string>
		</dict>
	</dict>
	<key>rootObject</key>
	<string>84DD89E11D64973B00E1E4E3</string>
</dict>
</plist>
