// !$*UTF8*$!
{
	archiveVersion = 1;
	classes = {
	};
	objectVersion = 46;
	objects = {

/* Begin PBXBuildFile section */
		5989C02506C2EC0EF4CCAA0E /* Pods_NeonTransferTests.framework in Frameworks */ = {isa = PBXBuildFile; fileRef = 478E125D856487DFCBA568F6 /* Pods_NeonTransferTests.framework */; };
		84B19E361D64A153007EC485 /* LaunchScreen.storyboard in Resources */ = {isa = PBXBuildFile; fileRef = 84B19E2E1D64A153007EC485 /* LaunchScreen.storyboard */; };
		84B19E371D64A153007EC485 /* Main.storyboard in Resources */ = {isa = PBXBuildFile; fileRef = 84B19E2F1D64A153007EC485 /* Main.storyboard */; };
		84B19E381D64A153007EC485 /* ViewController.swift in Sources */ = {isa = PBXBuildFile; fileRef = 84B19E301D64A153007EC485 /* ViewController.swift */; };
		84B19E391D64A153007EC485 /* AppDelegate.swift in Sources */ = {isa = PBXBuildFile; fileRef = 84B19E331D64A153007EC485 /* AppDelegate.swift */; };
		84B19E3A1D64A153007EC485 /* Assets.xcassets in Resources */ = {isa = PBXBuildFile; fileRef = 84B19E341D64A153007EC485 /* Assets.xcassets */; };
		84B19E3B1D64A153007EC485 /* contacts_json.json in Resources */ = {isa = PBXBuildFile; fileRef = 84B19E351D64A153007EC485 /* contacts_json.json */; };
		84DD8A021D64973B00E1E4E3 /* NeonTransferTests.swift in Sources */ = {isa = PBXBuildFile; fileRef = 84DD8A011D64973B00E1E4E3 /* NeonTransferTests.swift */; };
		84DD8A0D1D64973B00E1E4E3 /* NeonTransferUITests.swift in Sources */ = {isa = PBXBuildFile; fileRef = 84DD8A0C1D64973B00E1E4E3 /* NeonTransferUITests.swift */; };
		C2567EF940B219A216175025 /* Pods_NeonTransferUITests.framework in Frameworks */ = {isa = PBXBuildFile; fileRef = 43F4EB170167375B83AB3821 /* Pods_NeonTransferUITests.framework */; };
		E6CBFE171D64B06A00BB976D /* Info.plist in Resources */ = {isa = PBXBuildFile; fileRef = E6CBFE161D64B06A00BB976D /* Info.plist */; };
		E6CBFE191D64B1C300BB976D /* RequestSendMoney.swift in Sources */ = {isa = PBXBuildFile; fileRef = E6CBFE181D64B1C300BB976D /* RequestSendMoney.swift */; };
		E6CBFE1B1D64B3A600BB976D /* RequestGetTransfers.swift in Sources */ = {isa = PBXBuildFile; fileRef = E6CBFE1A1D64B3A600BB976D /* RequestGetTransfers.swift */; };
		E6CBFE201D64CAB400BB976D /* TransfersModel.swift in Sources */ = {isa = PBXBuildFile; fileRef = E6CBFE1F1D64CAB400BB976D /* TransfersModel.swift */; };
		E6CBFE221D64DC4700BB976D /* Contact.swift in Sources */ = {isa = PBXBuildFile; fileRef = E6CBFE211D64DC4700BB976D /* Contact.swift */; };
		E6CBFE2B1D64ECDB00BB976D /* ContactTest.swift in Sources */ = {isa = PBXBuildFile; fileRef = E6CBFE2A1D64ECDB00BB976D /* ContactTest.swift */; };
		E6CBFE2E1D64F0C100BB976D /* TransferTest.swift in Sources */ = {isa = PBXBuildFile; fileRef = E6CBFE2D1D64F0C100BB976D /* TransferTest.swift */; };
		E6FEC9DF1D64A42A00A8E57A /* RequestGenerateToken.swift in Sources */ = {isa = PBXBuildFile; fileRef = E6FEC9DE1D64A42A00A8E57A /* RequestGenerateToken.swift */; };
		E6FEC9E11D64A55900A8E57A /* APIUrls.swift in Sources */ = {isa = PBXBuildFile; fileRef = E6FEC9E01D64A55900A8E57A /* APIUrls.swift */; };
		E74A624E106AC61A77CF3CD7 /* Pods_NeonTransfer.framework in Frameworks */ = {isa = PBXBuildFile; fileRef = C11235E9A9965CC5D06B4D05 /* Pods_NeonTransfer.framework */; };
/* End PBXBuildFile section */

/* Begin PBXContainerItemProxy section */
		84DD89FE1D64973B00E1E4E3 /* PBXContainerItemProxy */ = {
			isa = PBXContainerItemProxy;
			containerPortal = 84DD89E11D64973B00E1E4E3 /* Project object */;
			proxyType = 1;
			remoteGlobalIDString = 84DD89E81D64973B00E1E4E3;
			remoteInfo = NeonTransfer;
		};
		84DD8A091D64973B00E1E4E3 /* PBXContainerItemProxy */ = {
			isa = PBXContainerItemProxy;
			containerPortal = 84DD89E11D64973B00E1E4E3 /* Project object */;
			proxyType = 1;
			remoteGlobalIDString = 84DD89E81D64973B00E1E4E3;
			remoteInfo = NeonTransfer;
		};
/* End PBXContainerItemProxy section */

/* Begin PBXFileReference section */
		15F59224C80BA94FB8DBEBA0 /* Pods-NeonTransferUITests.release.xcconfig */ = {isa = PBXFileReference; includeInIndex = 1; lastKnownFileType = text.xcconfig; name = "Pods-NeonTransferUITests.release.xcconfig"; path = "Pods/Target Support Files/Pods-NeonTransferUITests/Pods-NeonTransferUITests.release.xcconfig"; sourceTree = "<group>"; };
		1F4A79C90F1FDE61213E8E5B /* Pods-NeonTransferTests.release.xcconfig */ = {isa = PBXFileReference; includeInIndex = 1; lastKnownFileType = text.xcconfig; name = "Pods-NeonTransferTests.release.xcconfig"; path = "Pods/Target Support Files/Pods-NeonTransferTests/Pods-NeonTransferTests.release.xcconfig"; sourceTree = "<group>"; };
		3F190DA2FE88624E50632A65 /* Pods-NeonTransfer.release.xcconfig */ = {isa = PBXFileReference; includeInIndex = 1; lastKnownFileType = text.xcconfig; name = "Pods-NeonTransfer.release.xcconfig"; path = "Pods/Target Support Files/Pods-NeonTransfer/Pods-NeonTransfer.release.xcconfig"; sourceTree = "<group>"; };
		43F4EB170167375B83AB3821 /* Pods_NeonTransferUITests.framework */ = {isa = PBXFileReference; explicitFileType = wrapper.framework; includeInIndex = 0; path = Pods_NeonTransferUITests.framework; sourceTree = BUILT_PRODUCTS_DIR; };
		478E125D856487DFCBA568F6 /* Pods_NeonTransferTests.framework */ = {isa = PBXFileReference; explicitFileType = wrapper.framework; includeInIndex = 0; path = Pods_NeonTransferTests.framework; sourceTree = BUILT_PRODUCTS_DIR; };
		82EAF6668D31C610AD26B801 /* Pods-NeonTransfer.debug.xcconfig */ = {isa = PBXFileReference; includeInIndex = 1; lastKnownFileType = text.xcconfig; name = "Pods-NeonTransfer.debug.xcconfig"; path = "Pods/Target Support Files/Pods-NeonTransfer/Pods-NeonTransfer.debug.xcconfig"; sourceTree = "<group>"; };
		84B19E2E1D64A153007EC485 /* LaunchScreen.storyboard */ = {isa = PBXFileReference; fileEncoding = 4; lastKnownFileType = file.storyboard; path = LaunchScreen.storyboard; sourceTree = "<group>"; };
		84B19E2F1D64A153007EC485 /* Main.storyboard */ = {isa = PBXFileReference; fileEncoding = 4; lastKnownFileType = file.storyboard; path = Main.storyboard; sourceTree = "<group>"; };
		84B19E301D64A153007EC485 /* ViewController.swift */ = {isa = PBXFileReference; fileEncoding = 4; lastKnownFileType = sourcecode.swift; path = ViewController.swift; sourceTree = "<group>"; };
		84B19E331D64A153007EC485 /* AppDelegate.swift */ = {isa = PBXFileReference; fileEncoding = 4; lastKnownFileType = sourcecode.swift; path = AppDelegate.swift; sourceTree = "<group>"; };
		84B19E341D64A153007EC485 /* Assets.xcassets */ = {isa = PBXFileReference; lastKnownFileType = folder.assetcatalog; path = Assets.xcassets; sourceTree = "<group>"; };
		84B19E351D64A153007EC485 /* contacts_json.json */ = {isa = PBXFileReference; fileEncoding = 4; lastKnownFileType = text.json; path = contacts_json.json; sourceTree = "<group>"; };
		84DD89E91D64973B00E1E4E3 /* NeonTransfer.app */ = {isa = PBXFileReference; explicitFileType = wrapper.application; includeInIndex = 0; path = NeonTransfer.app; sourceTree = BUILT_PRODUCTS_DIR; };
		84DD89FD1D64973B00E1E4E3 /* NeonTransferTests.xctest */ = {isa = PBXFileReference; explicitFileType = wrapper.cfbundle; includeInIndex = 0; path = NeonTransferTests.xctest; sourceTree = BUILT_PRODUCTS_DIR; };
		84DD8A011D64973B00E1E4E3 /* NeonTransferTests.swift */ = {isa = PBXFileReference; lastKnownFileType = sourcecode.swift; path = NeonTransferTests.swift; sourceTree = "<group>"; };
		84DD8A031D64973B00E1E4E3 /* Info.plist */ = {isa = PBXFileReference; lastKnownFileType = text.plist.xml; path = Info.plist; sourceTree = "<group>"; };
		84DD8A081D64973B00E1E4E3 /* NeonTransferUITests.xctest */ = {isa = PBXFileReference; explicitFileType = wrapper.cfbundle; includeInIndex = 0; path = NeonTransferUITests.xctest; sourceTree = BUILT_PRODUCTS_DIR; };
		84DD8A0C1D64973B00E1E4E3 /* NeonTransferUITests.swift */ = {isa = PBXFileReference; lastKnownFileType = sourcecode.swift; path = NeonTransferUITests.swift; sourceTree = "<group>"; };
		84DD8A0E1D64973B00E1E4E3 /* Info.plist */ = {isa = PBXFileReference; lastKnownFileType = text.plist.xml; path = Info.plist; sourceTree = "<group>"; };
		9E50BDFAEE733D30524BFCF1 /* Pods-NeonTransferTests.debug.xcconfig */ = {isa = PBXFileReference; includeInIndex = 1; lastKnownFileType = text.xcconfig; name = "Pods-NeonTransferTests.debug.xcconfig"; path = "Pods/Target Support Files/Pods-NeonTransferTests/Pods-NeonTransferTests.debug.xcconfig"; sourceTree = "<group>"; };
		C11235E9A9965CC5D06B4D05 /* Pods_NeonTransfer.framework */ = {isa = PBXFileReference; explicitFileType = wrapper.framework; includeInIndex = 0; path = Pods_NeonTransfer.framework; sourceTree = BUILT_PRODUCTS_DIR; };
		E59FA228D9789C625E392186 /* Pods-NeonTransferUITests.debug.xcconfig */ = {isa = PBXFileReference; includeInIndex = 1; lastKnownFileType = text.xcconfig; name = "Pods-NeonTransferUITests.debug.xcconfig"; path = "Pods/Target Support Files/Pods-NeonTransferUITests/Pods-NeonTransferUITests.debug.xcconfig"; sourceTree = "<group>"; };
		E6CBFE161D64B06A00BB976D /* Info.plist */ = {isa = PBXFileReference; fileEncoding = 4; lastKnownFileType = text.plist.xml; path = Info.plist; sourceTree = "<group>"; };
		E6CBFE181D64B1C300BB976D /* RequestSendMoney.swift */ = {isa = PBXFileReference; fileEncoding = 4; lastKnownFileType = sourcecode.swift; path = RequestSendMoney.swift; sourceTree = "<group>"; };
		E6CBFE1A1D64B3A600BB976D /* RequestGetTransfers.swift */ = {isa = PBXFileReference; fileEncoding = 4; lastKnownFileType = sourcecode.swift; path = RequestGetTransfers.swift; sourceTree = "<group>"; };
		E6CBFE1F1D64CAB400BB976D /* TransfersModel.swift */ = {isa = PBXFileReference; fileEncoding = 4; lastKnownFileType = sourcecode.swift; name = TransfersModel.swift; path = Model/TransfersModel/TransfersModel.swift; sourceTree = "<group>"; };
		E6CBFE211D64DC4700BB976D /* Contact.swift */ = {isa = PBXFileReference; fileEncoding = 4; lastKnownFileType = sourcecode.swift; name = Contact.swift; path = Model/ContactModel/Contact.swift; sourceTree = "<group>"; };
		E6CBFE2A1D64ECDB00BB976D /* ContactTest.swift */ = {isa = PBXFileReference; fileEncoding = 4; lastKnownFileType = sourcecode.swift; path = ContactTest.swift; sourceTree = "<group>"; };
		E6CBFE2D1D64F0C100BB976D /* TransferTest.swift */ = {isa = PBXFileReference; fileEncoding = 4; lastKnownFileType = sourcecode.swift; path = TransferTest.swift; sourceTree = "<group>"; };
		E6FEC9DE1D64A42A00A8E57A /* RequestGenerateToken.swift */ = {isa = PBXFileReference; fileEncoding = 4; lastKnownFileType = sourcecode.swift; path = RequestGenerateToken.swift; sourceTree = "<group>"; };
		E6FEC9E01D64A55900A8E57A /* APIUrls.swift */ = {isa = PBXFileReference; fileEncoding = 4; lastKnownFileType = sourcecode.swift; path = APIUrls.swift; sourceTree = "<group>"; };
/* End PBXFileReference section */

/* Begin PBXFrameworksBuildPhase section */
		84DD89E61D64973B00E1E4E3 /* Frameworks */ = {
			isa = PBXFrameworksBuildPhase;
			buildActionMask = 2147483647;
			files = (
				E74A624E106AC61A77CF3CD7 /* Pods_NeonTransfer.framework in Frameworks */,
			);
			runOnlyForDeploymentPostprocessing = 0;
		};
		84DD89FA1D64973B00E1E4E3 /* Frameworks */ = {
			isa = PBXFrameworksBuildPhase;
			buildActionMask = 2147483647;
			files = (
				5989C02506C2EC0EF4CCAA0E /* Pods_NeonTransferTests.framework in Frameworks */,
			);
			runOnlyForDeploymentPostprocessing = 0;
		};
		84DD8A051D64973B00E1E4E3 /* Frameworks */ = {
			isa = PBXFrameworksBuildPhase;
			buildActionMask = 2147483647;
			files = (
				C2567EF940B219A216175025 /* Pods_NeonTransferUITests.framework in Frameworks */,
			);
			runOnlyForDeploymentPostprocessing = 0;
		};
/* End PBXFrameworksBuildPhase section */

/* Begin PBXGroup section */
		5D5B31E571A6D00D78835B4B /* Frameworks */ = {
			isa = PBXGroup;
			children = (
				C11235E9A9965CC5D06B4D05 /* Pods_NeonTransfer.framework */,
				478E125D856487DFCBA568F6 /* Pods_NeonTransferTests.framework */,
				43F4EB170167375B83AB3821 /* Pods_NeonTransferUITests.framework */,
			);
			name = Frameworks;
			sourceTree = "<group>";
		};
		84B19E2C1D64A153007EC485 /* Base */ = {
			isa = PBXGroup;
			children = (
				84B19E2D1D64A153007EC485 /* Storyboard */,
				84B19E301D64A153007EC485 /* ViewController.swift */,
			);
			path = Base;
			sourceTree = "<group>";
		};
		84B19E2D1D64A153007EC485 /* Storyboard */ = {
			isa = PBXGroup;
			children = (
				84B19E2E1D64A153007EC485 /* LaunchScreen.storyboard */,
				84B19E2F1D64A153007EC485 /* Main.storyboard */,
			);
			path = Storyboard;
			sourceTree = "<group>";
		};
		84B19E311D64A153007EC485 /* Core */ = {
			isa = PBXGroup;
			children = (
				E6FEC9DE1D64A42A00A8E57A /* RequestGenerateToken.swift */,
				E6CBFE181D64B1C300BB976D /* RequestSendMoney.swift */,
				E6CBFE1A1D64B3A600BB976D /* RequestGetTransfers.swift */,
				E6FEC9E01D64A55900A8E57A /* APIUrls.swift */,
			);
			path = Core;
			sourceTree = "<group>";
		};
		84B19E321D64A153007EC485 /* Others */ = {
			isa = PBXGroup;
			children = (
				84B19E331D64A153007EC485 /* AppDelegate.swift */,
				84B19E341D64A153007EC485 /* Assets.xcassets */,
				84B19E351D64A153007EC485 /* contacts_json.json */,
			);
			path = Others;
			sourceTree = "<group>";
		};
		84DD89E01D64973B00E1E4E3 = {
			isa = PBXGroup;
			children = (
				84DD89EB1D64973B00E1E4E3 /* NeonTransfer */,
				84DD8A001D64973B00E1E4E3 /* NeonTransferTests */,
				84DD8A0B1D64973B00E1E4E3 /* NeonTransferUITests */,
				84DD89EA1D64973B00E1E4E3 /* Products */,
				89F491C90015BF4E75D1D90A /* Pods */,
				5D5B31E571A6D00D78835B4B /* Frameworks */,
			);
			sourceTree = "<group>";
		};
		84DD89EA1D64973B00E1E4E3 /* Products */ = {
			isa = PBXGroup;
			children = (
				84DD89E91D64973B00E1E4E3 /* NeonTransfer.app */,
				84DD89FD1D64973B00E1E4E3 /* NeonTransferTests.xctest */,
				84DD8A081D64973B00E1E4E3 /* NeonTransferUITests.xctest */,
			);
			name = Products;
			sourceTree = "<group>";
		};
		84DD89EB1D64973B00E1E4E3 /* NeonTransfer */ = {
			isa = PBXGroup;
			children = (
				E6CBFE1C1D64CA1B00BB976D /* Model */,
				84B19E2C1D64A153007EC485 /* Base */,
				84B19E311D64A153007EC485 /* Core */,
				84B19E321D64A153007EC485 /* Others */,
				E6CBFE161D64B06A00BB976D /* Info.plist */,
			);
			path = NeonTransfer;
			sourceTree = "<group>";
		};
		84DD8A001D64973B00E1E4E3 /* NeonTransferTests */ = {
			isa = PBXGroup;
			children = (
				E6CBFE2C1D64F0B800BB976D /* TransferTest */,
				E6CBFE291D64ECD000BB976D /* ContactTest */,
				84DD8A011D64973B00E1E4E3 /* NeonTransferTests.swift */,
				84DD8A031D64973B00E1E4E3 /* Info.plist */,
			);
			path = NeonTransferTests;
			sourceTree = "<group>";
		};
		84DD8A0B1D64973B00E1E4E3 /* NeonTransferUITests */ = {
			isa = PBXGroup;
			children = (
				84DD8A0C1D64973B00E1E4E3 /* NeonTransferUITests.swift */,
				84DD8A0E1D64973B00E1E4E3 /* Info.plist */,
			);
			path = NeonTransferUITests;
			sourceTree = "<group>";
		};
		89F491C90015BF4E75D1D90A /* Pods */ = {
			isa = PBXGroup;
			children = (
				82EAF6668D31C610AD26B801 /* Pods-NeonTransfer.debug.xcconfig */,
				3F190DA2FE88624E50632A65 /* Pods-NeonTransfer.release.xcconfig */,
				9E50BDFAEE733D30524BFCF1 /* Pods-NeonTransferTests.debug.xcconfig */,
				1F4A79C90F1FDE61213E8E5B /* Pods-NeonTransferTests.release.xcconfig */,
				E59FA228D9789C625E392186 /* Pods-NeonTransferUITests.debug.xcconfig */,
				15F59224C80BA94FB8DBEBA0 /* Pods-NeonTransferUITests.release.xcconfig */,
			);
			name = Pods;
			sourceTree = "<group>";
		};
		E6CBFE1C1D64CA1B00BB976D /* Model */ = {
			isa = PBXGroup;
			children = (
				E6CBFE1E1D64CA8500BB976D /* TransfersModel */,
				E6CBFE1D1D64CA7D00BB976D /* ContactModel */,
			);
			name = Model;
			sourceTree = "<group>";
		};
		E6CBFE1D1D64CA7D00BB976D /* ContactModel */ = {
			isa = PBXGroup;
			children = (
				E6CBFE211D64DC4700BB976D /* Contact.swift */,
			);
			name = ContactModel;
			sourceTree = "<group>";
		};
		E6CBFE1E1D64CA8500BB976D /* TransfersModel */ = {
			isa = PBXGroup;
			children = (
				E6CBFE1F1D64CAB400BB976D /* TransfersModel.swift */,
			);
			name = TransfersModel;
			sourceTree = "<group>";
		};
		E6CBFE291D64ECD000BB976D /* ContactTest */ = {
			isa = PBXGroup;
			children = (
				E6CBFE2A1D64ECDB00BB976D /* ContactTest.swift */,
			);
			path = ContactTest;
			sourceTree = "<group>";
		};
		E6CBFE2C1D64F0B800BB976D /* TransferTest */ = {
			isa = PBXGroup;
			children = (
				E6CBFE2D1D64F0C100BB976D /* TransferTest.swift */,
			);
			path = TransferTest;
			sourceTree = "<group>";
		};
/* End PBXGroup section */

/* Begin PBXNativeTarget section */
		84DD89E81D64973B00E1E4E3 /* NeonTransfer */ = {
			isa = PBXNativeTarget;
			buildConfigurationList = 84DD8A111D64973B00E1E4E3 /* Build configuration list for PBXNativeTarget "NeonTransfer" */;
			buildPhases = (
				C99CE2AA822292FC4CD7BE24 /* [CP] Check Pods Manifest.lock */,
				84DD89E51D64973B00E1E4E3 /* Sources */,
				84DD89E61D64973B00E1E4E3 /* Frameworks */,
				84DD89E71D64973B00E1E4E3 /* Resources */,
				BCCA0CF48396EE4B9194D38F /* [CP] Embed Pods Frameworks */,
				13412F9AFC670CDC2AF001D3 /* [CP] Copy Pods Resources */,
			);
			buildRules = (
			);
			dependencies = (
			);
			name = NeonTransfer;
			productName = NeonTransfer;
			productReference = 84DD89E91D64973B00E1E4E3 /* NeonTransfer.app */;
			productType = "com.apple.product-type.application";
		};
		84DD89FC1D64973B00E1E4E3 /* NeonTransferTests */ = {
			isa = PBXNativeTarget;
			buildConfigurationList = 84DD8A141D64973B00E1E4E3 /* Build configuration list for PBXNativeTarget "NeonTransferTests" */;
			buildPhases = (
				07E3A70EB050C95039C91872 /* [CP] Check Pods Manifest.lock */,
				84DD89F91D64973B00E1E4E3 /* Sources */,
				84DD89FA1D64973B00E1E4E3 /* Frameworks */,
				84DD89FB1D64973B00E1E4E3 /* Resources */,
				093AE4B8C2EFF7F887A52701 /* [CP] Embed Pods Frameworks */,
				E23370650594126E411DD55A /* [CP] Copy Pods Resources */,
			);
			buildRules = (
			);
			dependencies = (
				84DD89FF1D64973B00E1E4E3 /* PBXTargetDependency */,
			);
			name = NeonTransferTests;
			productName = NeonTransferTests;
			productReference = 84DD89FD1D64973B00E1E4E3 /* NeonTransferTests.xctest */;
			productType = "com.apple.product-type.bundle.unit-test";
		};
		84DD8A071D64973B00E1E4E3 /* NeonTransferUITests */ = {
			isa = PBXNativeTarget;
			buildConfigurationList = 84DD8A171D64973B00E1E4E3 /* Build configuration list for PBXNativeTarget "NeonTransferUITests" */;
			buildPhases = (
				7BB617755A702CEBC6A0DEED /* [CP] Check Pods Manifest.lock */,
				84DD8A041D64973B00E1E4E3 /* Sources */,
				84DD8A051D64973B00E1E4E3 /* Frameworks */,
				84DD8A061D64973B00E1E4E3 /* Resources */,
				BE07B31AD1EC19C25E9C4ECD /* [CP] Copy Pods Resources */,
			);
			buildRules = (
			);
			dependencies = (
				84DD8A0A1D64973B00E1E4E3 /* PBXTargetDependency */,
			);
			name = NeonTransferUITests;
			productName = NeonTransferUITests;
			productReference = 84DD8A081D64973B00E1E4E3 /* NeonTransferUITests.xctest */;
			productType = "com.apple.product-type.bundle.ui-testing";
		};
/* End PBXNativeTarget section */

/* Begin PBXProject section */
		84DD89E11D64973B00E1E4E3 /* Project object */ = {
			isa = PBXProject;
			attributes = {
				LastSwiftUpdateCheck = 0730;
				LastUpgradeCheck = 0730;
				ORGANIZATIONNAME = "Bruno Santos";
				TargetAttributes = {
					84DD89E81D64973B00E1E4E3 = {
						CreatedOnToolsVersion = 7.3.1;
						DevelopmentTeam = 3GK4EVGD54;
					};
					84DD89FC1D64973B00E1E4E3 = {
						CreatedOnToolsVersion = 7.3.1;
						TestTargetID = 84DD89E81D64973B00E1E4E3;
					};
					84DD8A071D64973B00E1E4E3 = {
						CreatedOnToolsVersion = 7.3.1;
						TestTargetID = 84DD89E81D64973B00E1E4E3;
					};
				};
			};
			buildConfigurationList = 84DD89E41D64973B00E1E4E3 /* Build configuration list for PBXProject "NeonTransfer" */;
			compatibilityVersion = "Xcode 3.2";
			developmentRegion = English;
			hasScannedForEncodings = 0;
			knownRegions = (
				en,
				Base,
			);
			mainGroup = 84DD89E01D64973B00E1E4E3;
			productRefGroup = 84DD89EA1D64973B00E1E4E3 /* Products */;
			projectDirPath = "";
			projectRoot = "";
			targets = (
				84DD89E81D64973B00E1E4E3 /* NeonTransfer */,
				84DD89FC1D64973B00E1E4E3 /* NeonTransferTests */,
				84DD8A071D64973B00E1E4E3 /* NeonTransferUITests */,
			);
		};
/* End PBXProject section */

/* Begin PBXResourcesBuildPhase section */
		84DD89E71D64973B00E1E4E3 /* Resources */ = {
			isa = PBXResourcesBuildPhase;
			buildActionMask = 2147483647;
			files = (
				84B19E361D64A153007EC485 /* LaunchScreen.storyboard in Resources */,
				84B19E3A1D64A153007EC485 /* Assets.xcassets in Resources */,
				84B19E3B1D64A153007EC485 /* contacts_json.json in Resources */,
				E6CBFE171D64B06A00BB976D /* Info.plist in Resources */,
				84B19E371D64A153007EC485 /* Main.storyboard in Resources */,
			);
			runOnlyForDeploymentPostprocessing = 0;
		};
		84DD89FB1D64973B00E1E4E3 /* Resources */ = {
			isa = PBXResourcesBuildPhase;
			buildActionMask = 2147483647;
			files = (
			);
			runOnlyForDeploymentPostprocessing = 0;
		};
		84DD8A061D64973B00E1E4E3 /* Resources */ = {
			isa = PBXResourcesBuildPhase;
			buildActionMask = 2147483647;
			files = (
			);
			runOnlyForDeploymentPostprocessing = 0;
		};
/* End PBXResourcesBuildPhase section */

/* Begin PBXShellScriptBuildPhase section */
		07E3A70EB050C95039C91872 /* [CP] Check Pods Manifest.lock */ = {
			isa = PBXShellScriptBuildPhase;
			buildActionMask = 2147483647;
			files = (
			);
			inputPaths = (
			);
			name = "[CP] Check Pods Manifest.lock";
			outputPaths = (
			);
			runOnlyForDeploymentPostprocessing = 0;
			shellPath = /bin/sh;
			shellScript = "diff \"${PODS_ROOT}/../Podfile.lock\" \"${PODS_ROOT}/Manifest.lock\" > /dev/null\nif [[ $? != 0 ]] ; then\n    cat << EOM\nerror: The sandbox is not in sync with the Podfile.lock. Run 'pod install' or update your CocoaPods installation.\nEOM\n    exit 1\nfi\n";
			showEnvVarsInLog = 0;
		};
		093AE4B8C2EFF7F887A52701 /* [CP] Embed Pods Frameworks */ = {
			isa = PBXShellScriptBuildPhase;
			buildActionMask = 2147483647;
			files = (
			);
			inputPaths = (
			);
			name = "[CP] Embed Pods Frameworks";
			outputPaths = (
			);
			runOnlyForDeploymentPostprocessing = 0;
			shellPath = /bin/sh;
			shellScript = "\"${SRCROOT}/Pods/Target Support Files/Pods-NeonTransferTests/Pods-NeonTransferTests-frameworks.sh\"\n";
			showEnvVarsInLog = 0;
		};
		13412F9AFC670CDC2AF001D3 /* [CP] Copy Pods Resources */ = {
			isa = PBXShellScriptBuildPhase;
			buildActionMask = 2147483647;
			files = (
			);
			inputPaths = (
			);
			name = "[CP] Copy Pods Resources";
			outputPaths = (
			);
			runOnlyForDeploymentPostprocessing = 0;
			shellPath = /bin/sh;
			shellScript = "\"${SRCROOT}/Pods/Target Support Files/Pods-NeonTransfer/Pods-NeonTransfer-resources.sh\"\n";
			showEnvVarsInLog = 0;
		};
		7BB617755A702CEBC6A0DEED /* [CP] Check Pods Manifest.lock */ = {
			isa = PBXShellScriptBuildPhase;
			buildActionMask = 2147483647;
			files = (
			);
			inputPaths = (
			);
			name = "[CP] Check Pods Manifest.lock";
			outputPaths = (
			);
			runOnlyForDeploymentPostprocessing = 0;
			shellPath = /bin/sh;
			shellScript = "diff \"${PODS_ROOT}/../Podfile.lock\" \"${PODS_ROOT}/Manifest.lock\" > /dev/null\nif [[ $? != 0 ]] ; then\n    cat << EOM\nerror: The sandbox is not in sync with the Podfile.lock. Run 'pod install' or update your CocoaPods installation.\nEOM\n    exit 1\nfi\n";
			showEnvVarsInLog = 0;
		};
		BCCA0CF48396EE4B9194D38F /* [CP] Embed Pods Frameworks */ = {
			isa = PBXShellScriptBuildPhase;
			buildActionMask = 2147483647;
			files = (
			);
			inputPaths = (
			);
			name = "[CP] Embed Pods Frameworks";
			outputPaths = (
			);
			runOnlyForDeploymentPostprocessing = 0;
			shellPath = /bin/sh;
			shellScript = "\"${SRCROOT}/Pods/Target Support Files/Pods-NeonTransfer/Pods-NeonTransfer-frameworks.sh\"\n";
			showEnvVarsInLog = 0;
		};
		BE07B31AD1EC19C25E9C4ECD /* [CP] Copy Pods Resources */ = {
			isa = PBXShellScriptBuildPhase;
			buildActionMask = 2147483647;
			files = (
			);
			inputPaths = (
			);
			name = "[CP] Copy Pods Resources";
			outputPaths = (
			);
			runOnlyForDeploymentPostprocessing = 0;
			shellPath = /bin/sh;
			shellScript = "\"${SRCROOT}/Pods/Target Support Files/Pods-NeonTransferUITests/Pods-NeonTransferUITests-resources.sh\"\n";
			showEnvVarsInLog = 0;
		};
		C99CE2AA822292FC4CD7BE24 /* [CP] Check Pods Manifest.lock */ = {
			isa = PBXShellScriptBuildPhase;
			buildActionMask = 2147483647;
			files = (
			);
			inputPaths = (
			);
			name = "[CP] Check Pods Manifest.lock";
			outputPaths = (
			);
			runOnlyForDeploymentPostprocessing = 0;
			shellPath = /bin/sh;
			shellScript = "diff \"${PODS_ROOT}/../Podfile.lock\" \"${PODS_ROOT}/Manifest.lock\" > /dev/null\nif [[ $? != 0 ]] ; then\n    cat << EOM\nerror: The sandbox is not in sync with the Podfile.lock. Run 'pod install' or update your CocoaPods installation.\nEOM\n    exit 1\nfi\n";
			showEnvVarsInLog = 0;
		};
		E23370650594126E411DD55A /* [CP] Copy Pods Resources */ = {
			isa = PBXShellScriptBuildPhase;
			buildActionMask = 2147483647;
			files = (
			);
			inputPaths = (
			);
			name = "[CP] Copy Pods Resources";
			outputPaths = (
			);
			runOnlyForDeploymentPostprocessing = 0;
			shellPath = /bin/sh;
			shellScript = "\"${SRCROOT}/Pods/Target Support Files/Pods-NeonTransferTests/Pods-NeonTransferTests-resources.sh\"\n";
			showEnvVarsInLog = 0;
		};
/* End PBXShellScriptBuildPhase section */

/* Begin PBXSourcesBuildPhase section */
		84DD89E51D64973B00E1E4E3 /* Sources */ = {
			isa = PBXSourcesBuildPhase;
			buildActionMask = 2147483647;
			files = (
				E6FEC9E11D64A55900A8E57A /* APIUrls.swift in Sources */,
				E6FEC9DF1D64A42A00A8E57A /* RequestGenerateToken.swift in Sources */,
				84B19E391D64A153007EC485 /* AppDelegate.swift in Sources */,
				E6CBFE191D64B1C300BB976D /* RequestSendMoney.swift in Sources */,
				E6CBFE221D64DC4700BB976D /* Contact.swift in Sources */,
				84B19E381D64A153007EC485 /* ViewController.swift in Sources */,
				E6CBFE1B1D64B3A600BB976D /* RequestGetTransfers.swift in Sources */,
				E6CBFE201D64CAB400BB976D /* TransfersModel.swift in Sources */,
			);
			runOnlyForDeploymentPostprocessing = 0;
		};
		84DD89F91D64973B00E1E4E3 /* Sources */ = {
			isa = PBXSourcesBuildPhase;
			buildActionMask = 2147483647;
			files = (
				E6CBFE2B1D64ECDB00BB976D /* ContactTest.swift in Sources */,
				84DD8A021D64973B00E1E4E3 /* NeonTransferTests.swift in Sources */,
				E6CBFE2E1D64F0C100BB976D /* TransferTest.swift in Sources */,
			);
			runOnlyForDeploymentPostprocessing = 0;
		};
		84DD8A041D64973B00E1E4E3 /* Sources */ = {
			isa = PBXSourcesBuildPhase;
			buildActionMask = 2147483647;
			files = (
				84DD8A0D1D64973B00E1E4E3 /* NeonTransferUITests.swift in Sources */,
			);
			runOnlyForDeploymentPostprocessing = 0;
		};
/* End PBXSourcesBuildPhase section */

/* Begin PBXTargetDependency section */
		84DD89FF1D64973B00E1E4E3 /* PBXTargetDependency */ = {
			isa = PBXTargetDependency;
			target = 84DD89E81D64973B00E1E4E3 /* NeonTransfer */;
			targetProxy = 84DD89FE1D64973B00E1E4E3 /* PBXContainerItemProxy */;
		};
		84DD8A0A1D64973B00E1E4E3 /* PBXTargetDependency */ = {
			isa = PBXTargetDependency;
			target = 84DD89E81D64973B00E1E4E3 /* NeonTransfer */;
			targetProxy = 84DD8A091D64973B00E1E4E3 /* PBXContainerItemProxy */;
		};
/* End PBXTargetDependency section */

/* Begin XCBuildConfiguration section */
		84DD8A0F1D64973B00E1E4E3 /* Debug */ = {
			isa = XCBuildConfiguration;
			buildSettings = {
				ALWAYS_SEARCH_USER_PATHS = NO;
				CLANG_ANALYZER_NONNULL = YES;
				CLANG_CXX_LANGUAGE_STANDARD = "gnu++0x";
				CLANG_CXX_LIBRARY = "libc++";
				CLANG_ENABLE_MODULES = YES;
				CLANG_ENABLE_OBJC_ARC = YES;
				CLANG_WARN_BOOL_CONVERSION = YES;
				CLANG_WARN_CONSTANT_CONVERSION = YES;
				CLANG_WARN_DIRECT_OBJC_ISA_USAGE = YES_ERROR;
				CLANG_WARN_EMPTY_BODY = YES;
				CLANG_WARN_ENUM_CONVERSION = YES;
				CLANG_WARN_INT_CONVERSION = YES;
				CLANG_WARN_OBJC_ROOT_CLASS = YES_ERROR;
				CLANG_WARN_UNREACHABLE_CODE = YES;
				CLANG_WARN__DUPLICATE_METHOD_MATCH = YES;
				"CODE_SIGN_IDENTITY[sdk=iphoneos*]" = "iPhone Developer";
				COPY_PHASE_STRIP = NO;
				DEBUG_INFORMATION_FORMAT = dwarf;
				ENABLE_STRICT_OBJC_MSGSEND = YES;
				ENABLE_TESTABILITY = YES;
				GCC_C_LANGUAGE_STANDARD = gnu99;
				GCC_DYNAMIC_NO_PIC = NO;
				GCC_NO_COMMON_BLOCKS = YES;
				GCC_OPTIMIZATION_LEVEL = 0;
				GCC_PREPROCESSOR_DEFINITIONS = (
					"DEBUG=1",
					"$(inherited)",
				);
				GCC_WARN_64_TO_32_BIT_CONVERSION = YES;
				GCC_WARN_ABOUT_RETURN_TYPE = YES_ERROR;
				GCC_WARN_UNDECLARED_SELECTOR = YES;
				GCC_WARN_UNINITIALIZED_AUTOS = YES_AGGRESSIVE;
				GCC_WARN_UNUSED_FUNCTION = YES;
				GCC_WARN_UNUSED_VARIABLE = YES;
				IPHONEOS_DEPLOYMENT_TARGET = 9.3;
				MTL_ENABLE_DEBUG_INFO = YES;
				ONLY_ACTIVE_ARCH = YES;
				SDKROOT = iphoneos;
				SWIFT_OPTIMIZATION_LEVEL = "-Onone";
			};
			name = Debug;
		};
		84DD8A101D64973B00E1E4E3 /* Release */ = {
			isa = XCBuildConfiguration;
			buildSettings = {
				ALWAYS_SEARCH_USER_PATHS = NO;
				CLANG_ANALYZER_NONNULL = YES;
				CLANG_CXX_LANGUAGE_STANDARD = "gnu++0x";
				CLANG_CXX_LIBRARY = "libc++";
				CLANG_ENABLE_MODULES = YES;
				CLANG_ENABLE_OBJC_ARC = YES;
				CLANG_WARN_BOOL_CONVERSION = YES;
				CLANG_WARN_CONSTANT_CONVERSION = YES;
				CLANG_WARN_DIRECT_OBJC_ISA_USAGE = YES_ERROR;
				CLANG_WARN_EMPTY_BODY = YES;
				CLANG_WARN_ENUM_CONVERSION = YES;
				CLANG_WARN_INT_CONVERSION = YES;
				CLANG_WARN_OBJC_ROOT_CLASS = YES_ERROR;
				CLANG_WARN_UNREACHABLE_CODE = YES;
				CLANG_WARN__DUPLICATE_METHOD_MATCH = YES;
				"CODE_SIGN_IDENTITY[sdk=iphoneos*]" = "iPhone Developer";
				COPY_PHASE_STRIP = NO;
				DEBUG_INFORMATION_FORMAT = "dwarf-with-dsym";
				ENABLE_NS_ASSERTIONS = NO;
				ENABLE_STRICT_OBJC_MSGSEND = YES;
				GCC_C_LANGUAGE_STANDARD = gnu99;
				GCC_NO_COMMON_BLOCKS = YES;
				GCC_WARN_64_TO_32_BIT_CONVERSION = YES;
				GCC_WARN_ABOUT_RETURN_TYPE = YES_ERROR;
				GCC_WARN_UNDECLARED_SELECTOR = YES;
				GCC_WARN_UNINITIALIZED_AUTOS = YES_AGGRESSIVE;
				GCC_WARN_UNUSED_FUNCTION = YES;
				GCC_WARN_UNUSED_VARIABLE = YES;
				IPHONEOS_DEPLOYMENT_TARGET = 9.3;
				MTL_ENABLE_DEBUG_INFO = NO;
				SDKROOT = iphoneos;
				VALIDATE_PRODUCT = YES;
			};
			name = Release;
		};
		84DD8A121D64973B00E1E4E3 /* Debug */ = {
			isa = XCBuildConfiguration;
			baseConfigurationReference = 82EAF6668D31C610AD26B801 /* Pods-NeonTransfer.debug.xcconfig */;
			buildSettings = {
				ASSETCATALOG_COMPILER_APPICON_NAME = AppIcon;
				CODE_SIGN_IDENTITY = "iPhone Developer";
				INFOPLIST_FILE = NeonTransfer/Info.plist;
				LD_RUNPATH_SEARCH_PATHS = "$(inherited) @executable_path/Frameworks";
				PRODUCT_BUNDLE_IDENTIFIER = vm.NeonTransfer;
				PRODUCT_NAME = "$(TARGET_NAME)";
				SWIFT_OPTIMIZATION_LEVEL = "-O";
			};
			name = Debug;
		};
		84DD8A131D64973B00E1E4E3 /* Release */ = {
			isa = XCBuildConfiguration;
			baseConfigurationReference = 3F190DA2FE88624E50632A65 /* Pods-NeonTransfer.release.xcconfig */;
			buildSettings = {
				ASSETCATALOG_COMPILER_APPICON_NAME = AppIcon;
				CODE_SIGN_IDENTITY = "iPhone Developer";
				INFOPLIST_FILE = NeonTransfer/Info.plist;
				LD_RUNPATH_SEARCH_PATHS = "$(inherited) @executable_path/Frameworks";
				PRODUCT_BUNDLE_IDENTIFIER = vm.NeonTransfer;
				PRODUCT_NAME = "$(TARGET_NAME)";
				SWIFT_OPTIMIZATION_LEVEL = "-O";
			};
			name = Release;
		};
		84DD8A151D64973B00E1E4E3 /* Debug */ = {
			isa = XCBuildConfiguration;
			baseConfigurationReference = 9E50BDFAEE733D30524BFCF1 /* Pods-NeonTransferTests.debug.xcconfig */;
			buildSettings = {
				BUNDLE_LOADER = "$(TEST_HOST)";
				INFOPLIST_FILE = NeonTransferTests/Info.plist;
				LD_RUNPATH_SEARCH_PATHS = "$(inherited) @executable_path/Frameworks @loader_path/Frameworks";
				PRODUCT_BUNDLE_IDENTIFIER = Netshoes.NeonTransferTests;
				PRODUCT_NAME = "$(TARGET_NAME)";
				TEST_HOST = "$(BUILT_PRODUCTS_DIR)/NeonTransfer.app/NeonTransfer";
			};
			name = Debug;
		};
		84DD8A161D64973B00E1E4E3 /* Release */ = {
			isa = XCBuildConfiguration;
			baseConfigurationReference = 1F4A79C90F1FDE61213E8E5B /* Pods-NeonTransferTests.release.xcconfig */;
			buildSettings = {
				BUNDLE_LOADER = "$(TEST_HOST)";
				INFOPLIST_FILE = NeonTransferTests/Info.plist;
				LD_RUNPATH_SEARCH_PATHS = "$(inherited) @executable_path/Frameworks @loader_path/Frameworks";
				PRODUCT_BUNDLE_IDENTIFIER = Netshoes.NeonTransferTests;
				PRODUCT_NAME = "$(TARGET_NAME)";
				TEST_HOST = "$(BUILT_PRODUCTS_DIR)/NeonTransfer.app/NeonTransfer";
			};
			name = Release;
		};
		84DD8A181D64973B00E1E4E3 /* Debug */ = {
			isa = XCBuildConfiguration;
			baseConfigurationReference = E59FA228D9789C625E392186 /* Pods-NeonTransferUITests.debug.xcconfig */;
			buildSettings = {
				INFOPLIST_FILE = NeonTransferUITests/Info.plist;
				LD_RUNPATH_SEARCH_PATHS = "$(inherited) @executable_path/Frameworks @loader_path/Frameworks";
				PRODUCT_BUNDLE_IDENTIFIER = Netshoes.NeonTransferUITests;
				PRODUCT_NAME = "$(TARGET_NAME)";
				TEST_TARGET_NAME = NeonTransfer;
			};
			name = Debug;
		};
		84DD8A191D64973B00E1E4E3 /* Release */ = {
			isa = XCBuildConfiguration;
			baseConfigurationReference = 15F59224C80BA94FB8DBEBA0 /* Pods-NeonTransferUITests.release.xcconfig */;
			buildSettings = {
				INFOPLIST_FILE = NeonTransferUITests/Info.plist;
				LD_RUNPATH_SEARCH_PATHS = "$(inherited) @executable_path/Frameworks @loader_path/Frameworks";
				PRODUCT_BUNDLE_IDENTIFIER = Netshoes.NeonTransferUITests;
				PRODUCT_NAME = "$(TARGET_NAME)";
				TEST_TARGET_NAME = NeonTransfer;
			};
			name = Release;
		};
/* End XCBuildConfiguration section */

/* Begin XCConfigurationList section */
		84DD89E41D64973B00E1E4E3 /* Build configuration list for PBXProject "NeonTransfer" */ = {
			isa = XCConfigurationList;
			buildConfigurations = (
				84DD8A0F1D64973B00E1E4E3 /* Debug */,
				84DD8A101D64973B00E1E4E3 /* Release */,
			);
			defaultConfigurationIsVisible = 0;
			defaultConfigurationName = Release;
		};
		84DD8A111D64973B00E1E4E3 /* Build configuration list for PBXNativeTarget "NeonTransfer" */ = {
			isa = XCConfigurationList;
			buildConfigurations = (
				84DD8A121D64973B00E1E4E3 /* Debug */,
				84DD8A131D64973B00E1E4E3 /* Release */,
			);
			defaultConfigurationIsVisible = 0;
			defaultConfigurationName = Release;
		};
		84DD8A141D64973B00E1E4E3 /* Build configuration list for PBXNativeTarget "NeonTransferTests" */ = {
			isa = XCConfigurationList;
			buildConfigurations = (
				84DD8A151D64973B00E1E4E3 /* Debug */,
				84DD8A161D64973B00E1E4E3 /* Release */,
			);
			defaultConfigurationIsVisible = 0;
			defaultConfigurationName = Release;
		};
		84DD8A171D64973B00E1E4E3 /* Build configuration list for PBXNativeTarget "NeonTransferUITests" */ = {
			isa = XCConfigurationList;
			buildConfigurations = (
				84DD8A181D64973B00E1E4E3 /* Debug */,
				84DD8A191D64973B00E1E4E3 /* Release */,
			);
			defaultConfigurationIsVisible = 0;
			defaultConfigurationName = Release;
		};
/* End XCConfigurationList section */
	};
	rootObject = 84DD89E11D64973B00E1E4E3 /* Project object */;
}
