// !$*UTF8*$!
{
	archiveVersion = 1;
	classes = {
	};
	objectVersion = 46;
	objects = {

/* Begin PBXBuildFile section */
		84DD8A021D64973B00E1E4E3 /* NeonTransferTests.swift in Sources */ = {isa = PBXBuildFile; fileRef = 84DD8A011D64973B00E1E4E3 /* NeonTransferTests.swift */; };
		84DD8A0D1D64973B00E1E4E3 /* NeonTransferUITests.swift in Sources */ = {isa = PBXBuildFile; fileRef = 84DD8A0C1D64973B00E1E4E3 /* NeonTransferUITests.swift */; };
		D4FE56DEE20DE1B7A93C0545 /* Pods_NeonTransfer.framework in Frameworks */ = {isa = PBXBuildFile; fileRef = 87D556EEB616217037DED01E /* Pods_NeonTransfer.framework */; };
/* End PBXBuildFile section */

/* Begin PBXContainerItemProxy section */
		84DD89FE1D64973B00E1E4E3 /* PBXContainerItemProxy */ = {
			isa = PBXContainerItemProxy;
			containerPortal = 84DD89E11D64973B00E1E4E3 /* Project object */;
			proxyType = 1;
			remoteGlobalIDString = 84DD89E81D64973B00E1E4E3;
			remoteInfo = NeonTransfer;
		};
		84DD8A091D64973B00E1E4E3 /* PBXContainerItemProxy */ = {
			isa = PBXContainerItemProxy;
			containerPortal = 84DD89E11D64973B00E1E4E3 /* Project object */;
			proxyType = 1;
			remoteGlobalIDString = 84DD89E81D64973B00E1E4E3;
			remoteInfo = NeonTransfer;
		};
/* End PBXContainerItemProxy section */

/* Begin PBXFileReference section */
		12B632EA08F1CDBE9D63A408 /* Pods-NeonTransfer.release.xcconfig */ = {isa = PBXFileReference; includeInIndex = 1; lastKnownFileType = text.xcconfig; name = "Pods-NeonTransfer.release.xcconfig"; path = "Pods/Target Support Files/Pods-NeonTransfer/Pods-NeonTransfer.release.xcconfig"; sourceTree = "<group>"; };
		84DD89E91D64973B00E1E4E3 /* NeonTransfer.app */ = {isa = PBXFileReference; explicitFileType = wrapper.application; includeInIndex = 0; path = NeonTransfer.app; sourceTree = BUILT_PRODUCTS_DIR; };
		84DD89FD1D64973B00E1E4E3 /* NeonTransferTests.xctest */ = {isa = PBXFileReference; explicitFileType = wrapper.cfbundle; includeInIndex = 0; path = NeonTransferTests.xctest; sourceTree = BUILT_PRODUCTS_DIR; };
		84DD8A011D64973B00E1E4E3 /* NeonTransferTests.swift */ = {isa = PBXFileReference; lastKnownFileType = sourcecode.swift; path = NeonTransferTests.swift; sourceTree = "<group>"; };
		84DD8A031D64973B00E1E4E3 /* Info.plist */ = {isa = PBXFileReference; lastKnownFileType = text.plist.xml; path = Info.plist; sourceTree = "<group>"; };
		84DD8A081D64973B00E1E4E3 /* NeonTransferUITests.xctest */ = {isa = PBXFileReference; explicitFileType = wrapper.cfbundle; includeInIndex = 0; path = NeonTransferUITests.xctest; sourceTree = BUILT_PRODUCTS_DIR; };
		84DD8A0C1D64973B00E1E4E3 /* NeonTransferUITests.swift */ = {isa = PBXFileReference; lastKnownFileType = sourcecode.swift; path = NeonTransferUITests.swift; sourceTree = "<group>"; };
		84DD8A0E1D64973B00E1E4E3 /* Info.plist */ = {isa = PBXFileReference; lastKnownFileType = text.plist.xml; path = Info.plist; sourceTree = "<group>"; };
		87D556EEB616217037DED01E /* Pods_NeonTransfer.framework */ = {isa = PBXFileReference; explicitFileType = wrapper.framework; includeInIndex = 0; path = Pods_NeonTransfer.framework; sourceTree = BUILT_PRODUCTS_DIR; };
		EB123A7912A5BA6C8AB89F29 /* Pods-NeonTransfer.debug.xcconfig */ = {isa = PBXFileReference; includeInIndex = 1; lastKnownFileType = text.xcconfig; name = "Pods-NeonTransfer.debug.xcconfig"; path = "Pods/Target Support Files/Pods-NeonTransfer/Pods-NeonTransfer.debug.xcconfig"; sourceTree = "<group>"; };
/* End PBXFileReference section */

/* Begin PBXFrameworksBuildPhase section */
		84DD89E61D64973B00E1E4E3 /* Frameworks */ = {
			isa = PBXFrameworksBuildPhase;
			buildActionMask = 2147483647;
			files = (
				D4FE56DEE20DE1B7A93C0545 /* Pods_NeonTransfer.framework in Frameworks */,
			);
			runOnlyForDeploymentPostprocessing = 0;
		};
		84DD89FA1D64973B00E1E4E3 /* Frameworks */ = {
			isa = PBXFrameworksBuildPhase;
			buildActionMask = 2147483647;
			files = (
			);
			runOnlyForDeploymentPostprocessing = 0;
		};
		84DD8A051D64973B00E1E4E3 /* Frameworks */ = {
			isa = PBXFrameworksBuildPhase;
			buildActionMask = 2147483647;
			files = (
			);
			runOnlyForDeploymentPostprocessing = 0;
		};
/* End PBXFrameworksBuildPhase section */

/* Begin PBXGroup section */
		61E3C3EA91735F4EB072BCBA /* Frameworks */ = {
			isa = PBXGroup;
			children = (
				87D556EEB616217037DED01E /* Pods_NeonTransfer.framework */,
			);
			name = Frameworks;
			sourceTree = "<group>";
		};
		6DAFFA53955A893C59CCB202 /* Pods */ = {
			isa = PBXGroup;
			children = (
				EB123A7912A5BA6C8AB89F29 /* Pods-NeonTransfer.debug.xcconfig */,
				12B632EA08F1CDBE9D63A408 /* Pods-NeonTransfer.release.xcconfig */,
			);
			name = Pods;
			sourceTree = "<group>";
		};
		84DD89E01D64973B00E1E4E3 = {
			isa = PBXGroup;
			children = (
				84DD89EB1D64973B00E1E4E3 /* NeonTransfer */,
				84DD8A001D64973B00E1E4E3 /* NeonTransferTests */,
				84DD8A0B1D64973B00E1E4E3 /* NeonTransferUITests */,
				84DD89EA1D64973B00E1E4E3 /* Products */,
				6DAFFA53955A893C59CCB202 /* Pods */,
				61E3C3EA91735F4EB072BCBA /* Frameworks */,
			);
			sourceTree = "<group>";
		};
		84DD89EA1D64973B00E1E4E3 /* Products */ = {
			isa = PBXGroup;
			children = (
				84DD89E91D64973B00E1E4E3 /* NeonTransfer.app */,
				84DD89FD1D64973B00E1E4E3 /* NeonTransferTests.xctest */,
				84DD8A081D64973B00E1E4E3 /* NeonTransferUITests.xctest */,
			);
			name = Products;
			sourceTree = "<group>";
		};
		84DD89EB1D64973B00E1E4E3 /* NeonTransfer */ = {
			isa = PBXGroup;
			children = (
			);
			path = NeonTransfer;
			sourceTree = "<group>";
		};
		84DD8A001D64973B00E1E4E3 /* NeonTransferTests */ = {
			isa = PBXGroup;
			children = (
				84DD8A011D64973B00E1E4E3 /* NeonTransferTests.swift */,
				84DD8A031D64973B00E1E4E3 /* Info.plist */,
			);
			path = NeonTransferTests;
			sourceTree = "<group>";
		};
		84DD8A0B1D64973B00E1E4E3 /* NeonTransferUITests */ = {
			isa = PBXGroup;
			children = (
				84DD8A0C1D64973B00E1E4E3 /* NeonTransferUITests.swift */,
				84DD8A0E1D64973B00E1E4E3 /* Info.plist */,
			);
			path = NeonTransferUITests;
			sourceTree = "<group>";
		};
/* End PBXGroup section */

/* Begin PBXNativeTarget section */
		84DD89E81D64973B00E1E4E3 /* NeonTransfer */ = {
			isa = PBXNativeTarget;
			buildConfigurationList = 84DD8A111D64973B00E1E4E3 /* Build configuration list for PBXNativeTarget "NeonTransfer" */;
			buildPhases = (
				EE115241C6CD0917B0DCB969 /* Check Pods Manifest.lock */,
				84DD89E51D64973B00E1E4E3 /* Sources */,
				84DD89E61D64973B00E1E4E3 /* Frameworks */,
				84DD89E71D64973B00E1E4E3 /* Resources */,
				382CD7CE91A70B41784D6C3F /* Embed Pods Frameworks */,
				328C5727A7FECC1DA05155BC /* Copy Pods Resources */,
			);
			buildRules = (
			);
			dependencies = (
			);
			name = NeonTransfer;
			productName = NeonTransfer;
			productReference = 84DD89E91D64973B00E1E4E3 /* NeonTransfer.app */;
			productType = "com.apple.product-type.application";
		};
		84DD89FC1D64973B00E1E4E3 /* NeonTransferTests */ = {
			isa = PBXNativeTarget;
			buildConfigurationList = 84DD8A141D64973B00E1E4E3 /* Build configuration list for PBXNativeTarget "NeonTransferTests" */;
			buildPhases = (
				84DD89F91D64973B00E1E4E3 /* Sources */,
				84DD89FA1D64973B00E1E4E3 /* Frameworks */,
				84DD89FB1D64973B00E1E4E3 /* Resources */,
			);
			buildRules = (
			);
			dependencies = (
				84DD89FF1D64973B00E1E4E3 /* PBXTargetDependency */,
			);
			name = NeonTransferTests;
			productName = NeonTransferTests;
			productReference = 84DD89FD1D64973B00E1E4E3 /* NeonTransferTests.xctest */;
			productType = "com.apple.product-type.bundle.unit-test";
		};
		84DD8A071D64973B00E1E4E3 /* NeonTransferUITests */ = {
			isa = PBXNativeTarget;
			buildConfigurationList = 84DD8A171D64973B00E1E4E3 /* Build configuration list for PBXNativeTarget "NeonTransferUITests" */;
			buildPhases = (
				84DD8A041D64973B00E1E4E3 /* Sources */,
				84DD8A051D64973B00E1E4E3 /* Frameworks */,
				84DD8A061D64973B00E1E4E3 /* Resources */,
			);
			buildRules = (
			);
			dependencies = (
				84DD8A0A1D64973B00E1E4E3 /* PBXTargetDependency */,
			);
			name = NeonTransferUITests;
			productName = NeonTransferUITests;
			productReference = 84DD8A081D64973B00E1E4E3 /* NeonTransferUITests.xctest */;
			productType = "com.apple.product-type.bundle.ui-testing";
		};
/* End PBXNativeTarget section */

/* Begin PBXProject section */
		84DD89E11D64973B00E1E4E3 /* Project object */ = {
			isa = PBXProject;
			attributes = {
				LastSwiftUpdateCheck = 0730;
				LastUpgradeCheck = 0730;
				ORGANIZATIONNAME = "Bruno Santos";
				TargetAttributes = {
					84DD89E81D64973B00E1E4E3 = {
						CreatedOnToolsVersion = 7.3.1;
					};
					84DD89FC1D64973B00E1E4E3 = {
						CreatedOnToolsVersion = 7.3.1;
						TestTargetID = 84DD89E81D64973B00E1E4E3;
					};
					84DD8A071D64973B00E1E4E3 = {
						CreatedOnToolsVersion = 7.3.1;
						TestTargetID = 84DD89E81D64973B00E1E4E3;
					};
				};
			};
			buildConfigurationList = 84DD89E41D64973B00E1E4E3 /* Build configuration list for PBXProject "NeonTransfer" */;
			compatibilityVersion = "Xcode 3.2";
			developmentRegion = English;
			hasScannedForEncodings = 0;
			knownRegions = (
				en,
				Base,
			);
			mainGroup = 84DD89E01D64973B00E1E4E3;
			productRefGroup = 84DD89EA1D64973B00E1E4E3 /* Products */;
			projectDirPath = "";
			projectRoot = "";
			targets = (
				84DD89E81D64973B00E1E4E3 /* NeonTransfer */,
				84DD89FC1D64973B00E1E4E3 /* NeonTransferTests */,
				84DD8A071D64973B00E1E4E3 /* NeonTransferUITests */,
			);
		};
/* End PBXProject section */

/* Begin PBXResourcesBuildPhase section */
		84DD89E71D64973B00E1E4E3 /* Resources */ = {
			isa = PBXResourcesBuildPhase;
			buildActionMask = 2147483647;
			files = (
			);
			runOnlyForDeploymentPostprocessing = 0;
		};
		84DD89FB1D64973B00E1E4E3 /* Resources */ = {
			isa = PBXResourcesBuildPhase;
			buildActionMask = 2147483647;
			files = (
			);
			runOnlyForDeploymentPostprocessing = 0;
		};
		84DD8A061D64973B00E1E4E3 /* Resources */ = {
			isa = PBXResourcesBuildPhase;
			buildActionMask = 2147483647;
			files = (
			);
			runOnlyForDeploymentPostprocessing = 0;
		};
/* End PBXResourcesBuildPhase section */

/* Begin PBXShellScriptBuildPhase section */
		328C5727A7FECC1DA05155BC /* Copy Pods Resources */ = {
			isa = PBXShellScriptBuildPhase;
			buildActionMask = 2147483647;
			files = (
			);
			inputPaths = (
			);
			name = "Copy Pods Resources";
			outputPaths = (
			);
			runOnlyForDeploymentPostprocessing = 0;
			shellPath = /bin/sh;
			shellScript = "\"${SRCROOT}/Pods/Target Support Files/Pods-NeonTransfer/Pods-NeonTransfer-resources.sh\"\n";
			showEnvVarsInLog = 0;
		};
		382CD7CE91A70B41784D6C3F /* Embed Pods Frameworks */ = {
			isa = PBXShellScriptBuildPhase;
			buildActionMask = 2147483647;
			files = (
			);
			inputPaths = (
			);
			name = "Embed Pods Frameworks";
			outputPaths = (
			);
			runOnlyForDeploymentPostprocessing = 0;
			shellPath = /bin/sh;
			shellScript = "\"${SRCROOT}/Pods/Target Support Files/Pods-NeonTransfer/Pods-NeonTransfer-frameworks.sh\"\n";
			showEnvVarsInLog = 0;
		};
		EE115241C6CD0917B0DCB969 /* Check Pods Manifest.lock */ = {
			isa = PBXShellScriptBuildPhase;
			buildActionMask = 2147483647;
			files = (
			);
			inputPaths = (
			);
			name = "Check Pods Manifest.lock";
			outputPaths = (
			);
			runOnlyForDeploymentPostprocessing = 0;
			shellPath = /bin/sh;
			shellScript = "diff \"${PODS_ROOT}/../Podfile.lock\" \"${PODS_ROOT}/Manifest.lock\" > /dev/null\nif [[ $? != 0 ]] ; then\n    cat << EOM\nerror: The sandbox is not in sync with the Podfile.lock. Run 'pod install' or update your CocoaPods installation.\nEOM\n    exit 1\nfi\n";
			showEnvVarsInLog = 0;
		};
/* End PBXShellScriptBuildPhase section */

/* Begin PBXSourcesBuildPhase section */
		84DD89E51D64973B00E1E4E3 /* Sources */ = {
			isa = PBXSourcesBuildPhase;
			buildActionMask = 2147483647;
			files = (
			);
			runOnlyForDeploymentPostprocessing = 0;
		};
		84DD89F91D64973B00E1E4E3 /* Sources */ = {
			isa = PBXSourcesBuildPhase;
			buildActionMask = 2147483647;
			files = (
				84DD8A021D64973B00E1E4E3 /* NeonTransferTests.swift in Sources */,
			);
			runOnlyForDeploymentPostprocessing = 0;
		};
		84DD8A041D64973B00E1E4E3 /* Sources */ = {
			isa = PBXSourcesBuildPhase;
			buildActionMask = 2147483647;
			files = (
				84DD8A0D1D64973B00E1E4E3 /* NeonTransferUITests.swift in Sources */,
			);
			runOnlyForDeploymentPostprocessing = 0;
		};
/* End PBXSourcesBuildPhase section */

/* Begin PBXTargetDependency section */
		84DD89FF1D64973B00E1E4E3 /* PBXTargetDependency */ = {
			isa = PBXTargetDependency;
			target = 84DD89E81D64973B00E1E4E3 /* NeonTransfer */;
			targetProxy = 84DD89FE1D64973B00E1E4E3 /* PBXContainerItemProxy */;
		};
		84DD8A0A1D64973B00E1E4E3 /* PBXTargetDependency */ = {
			isa = PBXTargetDependency;
			target = 84DD89E81D64973B00E1E4E3 /* NeonTransfer */;
			targetProxy = 84DD8A091D64973B00E1E4E3 /* PBXContainerItemProxy */;
		};
/* End PBXTargetDependency section */

/* Begin XCBuildConfiguration section */
		84DD8A0F1D64973B00E1E4E3 /* Debug */ = {
			isa = XCBuildConfiguration;
			buildSettings = {
				ALWAYS_SEARCH_USER_PATHS = NO;
				CLANG_ANALYZER_NONNULL = YES;
				CLANG_CXX_LANGUAGE_STANDARD = "gnu++0x";
				CLANG_CXX_LIBRARY = "libc++";
				CLANG_ENABLE_MODULES = YES;
				CLANG_ENABLE_OBJC_ARC = YES;
				CLANG_WARN_BOOL_CONVERSION = YES;
				CLANG_WARN_CONSTANT_CONVERSION = YES;
				CLANG_WARN_DIRECT_OBJC_ISA_USAGE = YES_ERROR;
				CLANG_WARN_EMPTY_BODY = YES;
				CLANG_WARN_ENUM_CONVERSION = YES;
				CLANG_WARN_INT_CONVERSION = YES;
				CLANG_WARN_OBJC_ROOT_CLASS = YES_ERROR;
				CLANG_WARN_UNREACHABLE_CODE = YES;
				CLANG_WARN__DUPLICATE_METHOD_MATCH = YES;
				"CODE_SIGN_IDENTITY[sdk=iphoneos*]" = "iPhone Developer";
				COPY_PHASE_STRIP = NO;
				DEBUG_INFORMATION_FORMAT = dwarf;
				ENABLE_STRICT_OBJC_MSGSEND = YES;
				ENABLE_TESTABILITY = YES;
				GCC_C_LANGUAGE_STANDARD = gnu99;
				GCC_DYNAMIC_NO_PIC = NO;
				GCC_NO_COMMON_BLOCKS = YES;
				GCC_OPTIMIZATION_LEVEL = 0;
				GCC_PREPROCESSOR_DEFINITIONS = (
					"DEBUG=1",
					"$(inherited)",
				);
				GCC_WARN_64_TO_32_BIT_CONVERSION = YES;
				GCC_WARN_ABOUT_RETURN_TYPE = YES_ERROR;
				GCC_WARN_UNDECLARED_SELECTOR = YES;
				GCC_WARN_UNINITIALIZED_AUTOS = YES_AGGRESSIVE;
				GCC_WARN_UNUSED_FUNCTION = YES;
				GCC_WARN_UNUSED_VARIABLE = YES;
				IPHONEOS_DEPLOYMENT_TARGET = 9.3;
				MTL_ENABLE_DEBUG_INFO = YES;
				ONLY_ACTIVE_ARCH = YES;
				SDKROOT = iphoneos;
				SWIFT_OPTIMIZATION_LEVEL = "-Onone";
			};
			name = Debug;
		};
		84DD8A101D64973B00E1E4E3 /* Release */ = {
			isa = XCBuildConfiguration;
			buildSettings = {
				ALWAYS_SEARCH_USER_PATHS = NO;
				CLANG_ANALYZER_NONNULL = YES;
				CLANG_CXX_LANGUAGE_STANDARD = "gnu++0x";
				CLANG_CXX_LIBRARY = "libc++";
				CLANG_ENABLE_MODULES = YES;
				CLANG_ENABLE_OBJC_ARC = YES;
				CLANG_WARN_BOOL_CONVERSION = YES;
				CLANG_WARN_CONSTANT_CONVERSION = YES;
				CLANG_WARN_DIRECT_OBJC_ISA_USAGE = YES_ERROR;
				CLANG_WARN_EMPTY_BODY = YES;
				CLANG_WARN_ENUM_CONVERSION = YES;
				CLANG_WARN_INT_CONVERSION = YES;
				CLANG_WARN_OBJC_ROOT_CLASS = YES_ERROR;
				CLANG_WARN_UNREACHABLE_CODE = YES;
				CLANG_WARN__DUPLICATE_METHOD_MATCH = YES;
				"CODE_SIGN_IDENTITY[sdk=iphoneos*]" = "iPhone Developer";
				COPY_PHASE_STRIP = NO;
				DEBUG_INFORMATION_FORMAT = "dwarf-with-dsym";
				ENABLE_NS_ASSERTIONS = NO;
				ENABLE_STRICT_OBJC_MSGSEND = YES;
				GCC_C_LANGUAGE_STANDARD = gnu99;
				GCC_NO_COMMON_BLOCKS = YES;
				GCC_WARN_64_TO_32_BIT_CONVERSION = YES;
				GCC_WARN_ABOUT_RETURN_TYPE = YES_ERROR;
				GCC_WARN_UNDECLARED_SELECTOR = YES;
				GCC_WARN_UNINITIALIZED_AUTOS = YES_AGGRESSIVE;
				GCC_WARN_UNUSED_FUNCTION = YES;
				GCC_WARN_UNUSED_VARIABLE = YES;
				IPHONEOS_DEPLOYMENT_TARGET = 9.3;
				MTL_ENABLE_DEBUG_INFO = NO;
				SDKROOT = iphoneos;
				VALIDATE_PRODUCT = YES;
			};
			name = Release;
		};
		84DD8A121D64973B00E1E4E3 /* Debug */ = {
			isa = XCBuildConfiguration;
			baseConfigurationReference = EB123A7912A5BA6C8AB89F29 /* Pods-NeonTransfer.debug.xcconfig */;
			buildSettings = {
				ASSETCATALOG_COMPILER_APPICON_NAME = AppIcon;
				INFOPLIST_FILE = NeonTransfer/Info.plist;
				LD_RUNPATH_SEARCH_PATHS = "$(inherited) @executable_path/Frameworks";
				PRODUCT_BUNDLE_IDENTIFIER = Netshoes.NeonTransfer;
				PRODUCT_NAME = "$(TARGET_NAME)";
			};
			name = Debug;
		};
		84DD8A131D64973B00E1E4E3 /* Release */ = {
			isa = XCBuildConfiguration;
			baseConfigurationReference = 12B632EA08F1CDBE9D63A408 /* Pods-NeonTransfer.release.xcconfig */;
			buildSettings = {
				ASSETCATALOG_COMPILER_APPICON_NAME = AppIcon;
				INFOPLIST_FILE = NeonTransfer/Info.plist;
				LD_RUNPATH_SEARCH_PATHS = "$(inherited) @executable_path/Frameworks";
				PRODUCT_BUNDLE_IDENTIFIER = Netshoes.NeonTransfer;
				PRODUCT_NAME = "$(TARGET_NAME)";
			};
			name = Release;
		};
		84DD8A151D64973B00E1E4E3 /* Debug */ = {
			isa = XCBuildConfiguration;
			buildSettings = {
				BUNDLE_LOADER = "$(TEST_HOST)";
				INFOPLIST_FILE = NeonTransferTests/Info.plist;
				LD_RUNPATH_SEARCH_PATHS = "$(inherited) @executable_path/Frameworks @loader_path/Frameworks";
				PRODUCT_BUNDLE_IDENTIFIER = Netshoes.NeonTransferTests;
				PRODUCT_NAME = "$(TARGET_NAME)";
				TEST_HOST = "$(BUILT_PRODUCTS_DIR)/NeonTransfer.app/NeonTransfer";
			};
			name = Debug;
		};
		84DD8A161D64973B00E1E4E3 /* Release */ = {
			isa = XCBuildConfiguration;
			buildSettings = {
				BUNDLE_LOADER = "$(TEST_HOST)";
				INFOPLIST_FILE = NeonTransferTests/Info.plist;
				LD_RUNPATH_SEARCH_PATHS = "$(inherited) @executable_path/Frameworks @loader_path/Frameworks";
				PRODUCT_BUNDLE_IDENTIFIER = Netshoes.NeonTransferTests;
				PRODUCT_NAME = "$(TARGET_NAME)";
				TEST_HOST = "$(BUILT_PRODUCTS_DIR)/NeonTransfer.app/NeonTransfer";
			};
			name = Release;
		};
		84DD8A181D64973B00E1E4E3 /* Debug */ = {
			isa = XCBuildConfiguration;
			buildSettings = {
				INFOPLIST_FILE = NeonTransferUITests/Info.plist;
				LD_RUNPATH_SEARCH_PATHS = "$(inherited) @executable_path/Frameworks @loader_path/Frameworks";
				PRODUCT_BUNDLE_IDENTIFIER = Netshoes.NeonTransferUITests;
				PRODUCT_NAME = "$(TARGET_NAME)";
				TEST_TARGET_NAME = NeonTransfer;
			};
			name = Debug;
		};
		84DD8A191D64973B00E1E4E3 /* Release */ = {
			isa = XCBuildConfiguration;
			buildSettings = {
				INFOPLIST_FILE = NeonTransferUITests/Info.plist;
				LD_RUNPATH_SEARCH_PATHS = "$(inherited) @executable_path/Frameworks @loader_path/Frameworks";
				PRODUCT_BUNDLE_IDENTIFIER = Netshoes.NeonTransferUITests;
				PRODUCT_NAME = "$(TARGET_NAME)";
				TEST_TARGET_NAME = NeonTransfer;
			};
			name = Release;
		};
/* End XCBuildConfiguration section */

/* Begin XCConfigurationList section */
		84DD89E41D64973B00E1E4E3 /* Build configuration list for PBXProject "NeonTransfer" */ = {
			isa = XCConfigurationList;
			buildConfigurations = (
				84DD8A0F1D64973B00E1E4E3 /* Debug */,
				84DD8A101D64973B00E1E4E3 /* Release */,
			);
			defaultConfigurationIsVisible = 0;
			defaultConfigurationName = Release;
		};
		84DD8A111D64973B00E1E4E3 /* Build configuration list for PBXNativeTarget "NeonTransfer" */ = {
			isa = XCConfigurationList;
			buildConfigurations = (
				84DD8A121D64973B00E1E4E3 /* Debug */,
				84DD8A131D64973B00E1E4E3 /* Release */,
			);
			defaultConfigurationIsVisible = 0;
			defaultConfigurationName = Release;
		};
		84DD8A141D64973B00E1E4E3 /* Build configuration list for PBXNativeTarget "NeonTransferTests" */ = {
			isa = XCConfigurationList;
			buildConfigurations = (
				84DD8A151D64973B00E1E4E3 /* Debug */,
				84DD8A161D64973B00E1E4E3 /* Release */,
			);
			defaultConfigurationIsVisible = 0;
			defaultConfigurationName = Release;
		};
		84DD8A171D64973B00E1E4E3 /* Build configuration list for PBXNativeTarget "NeonTransferUITests" */ = {
			isa = XCConfigurationList;
			buildConfigurations = (
				84DD8A181D64973B00E1E4E3 /* Debug */,
				84DD8A191D64973B00E1E4E3 /* Release */,
			);
			defaultConfigurationIsVisible = 0;
			defaultConfigurationName = Release;
		};
/* End XCConfigurationList section */
	};
	rootObject = 84DD89E11D64973B00E1E4E3 /* Project object */;
}
